// !$*UTF8*$!
{
	archiveVersion = 1;
	classes = {
	};
	objectVersion = 50;
	objects = {

/* Begin PBXBuildFile section */
		AF8920E82BF80C9B001936DE /* AppDelegate.swift in Sources */ = {isa = PBXBuildFile; fileRef = AF8920E72BF80C9B001936DE /* AppDelegate.swift */; };
		AF8920EA2BF80C9B001936DE /* SceneDelegate.swift in Sources */ = {isa = PBXBuildFile; fileRef = AF8920E92BF80C9B001936DE /* SceneDelegate.swift */; };
		AF8920EC2BF80C9B001936DE /* ViewController.swift in Sources */ = {isa = PBXBuildFile; fileRef = AF8920EB2BF80C9B001936DE /* ViewController.swift */; };
		AF8920EF2BF80C9B001936DE /* Main.storyboard in Resources */ = {isa = PBXBuildFile; fileRef = AF8920ED2BF80C9B001936DE /* Main.storyboard */; };
		AF8920F12BF80C9C001936DE /* Assets.xcassets in Resources */ = {isa = PBXBuildFile; fileRef = AF8920F02BF80C9C001936DE /* Assets.xcassets */; };
		AF8920F42BF80C9C001936DE /* LaunchScreen.storyboard in Resources */ = {isa = PBXBuildFile; fileRef = AF8920F22BF80C9C001936DE /* LaunchScreen.storyboard */; };
/* End PBXBuildFile section */

/* Begin PBXFileReference section */
		AF8920E42BF80C9B001936DE /* 9lab_example3_KlimkoEugene.app */ = {isa = PBXFileReference; explicitFileType = wrapper.application; includeInIndex = 0; path = 9lab_example3_KlimkoEugene.app; sourceTree = BUILT_PRODUCTS_DIR; };
		AF8920E72BF80C9B001936DE /* AppDelegate.swift */ = {isa = PBXFileReference; lastKnownFileType = sourcecode.swift; path = AppDelegate.swift; sourceTree = "<group>"; };
		AF8920E92BF80C9B001936DE /* SceneDelegate.swift */ = {isa = PBXFileReference; lastKnownFileType = sourcecode.swift; path = SceneDelegate.swift; sourceTree = "<group>"; };
		AF8920EB2BF80C9B001936DE /* ViewController.swift */ = {isa = PBXFileReference; lastKnownFileType = sourcecode.swift; path = ViewController.swift; sourceTree = "<group>"; };
		AF8920EE2BF80C9B001936DE /* Base */ = {isa = PBXFileReference; lastKnownFileType = file.storyboard; name = Base; path = Base.lproj/Main.storyboard; sourceTree = "<group>"; };
		AF8920F02BF80C9C001936DE /* Assets.xcassets */ = {isa = PBXFileReference; lastKnownFileType = folder.assetcatalog; path = Assets.xcassets; sourceTree = "<group>"; };
		AF8920F32BF80C9C001936DE /* Base */ = {isa = PBXFileReference; lastKnownFileType = file.storyboard; name = Base; path = Base.lproj/LaunchScreen.storyboard; sourceTree = "<group>"; };
		AF8920F52BF80C9C001936DE /* Info.plist */ = {isa = PBXFileReference; lastKnownFileType = text.plist.xml; path = Info.plist; sourceTree = "<group>"; };
/* End PBXFileReference section */

/* Begin PBXFrameworksBuildPhase section */
		AF8920E12BF80C9B001936DE /* Frameworks */ = {
			isa = PBXFrameworksBuildPhase;
			buildActionMask = 2147483647;
			files = (
			);
			runOnlyForDeploymentPostprocessing = 0;
		};
/* End PBXFrameworksBuildPhase section */

/* Begin PBXGroup section */
		AF8920DB2BF80C9A001936DE = {
			isa = PBXGroup;
			children = (
				AF8920E62BF80C9B001936DE /* 9lab_example3_KlimkoEugene */,
				AF8920E52BF80C9B001936DE /* Products */,
			);
			sourceTree = "<group>";
		};
		AF8920E52BF80C9B001936DE /* Products */ = {
			isa = PBXGroup;
			children = (
				AF8920E42BF80C9B001936DE /* 9lab_example3_KlimkoEugene.app */,
			);
			name = Products;
			sourceTree = "<group>";
		};
		AF8920E62BF80C9B001936DE /* 9lab_example3_KlimkoEugene */ = {
			isa = PBXGroup;
			children = (
				AF8920E72BF80C9B001936DE /* AppDelegate.swift */,
				AF8920E92BF80C9B001936DE /* SceneDelegate.swift */,
				AF8920EB2BF80C9B001936DE /* ViewController.swift */,
				AF8920ED2BF80C9B001936DE /* Main.storyboard */,
				AF8920F02BF80C9C001936DE /* Assets.xcassets */,
				AF8920F22BF80C9C001936DE /* LaunchScreen.storyboard */,
				AF8920F52BF80C9C001936DE /* Info.plist */,
			);
			path = 9lab_example3_KlimkoEugene;
			sourceTree = "<group>";
		};
/* End PBXGroup section */

/* Begin PBXNativeTarget section */
		AF8920E32BF80C9B001936DE /* 9lab_example3_KlimkoEugene */ = {
			isa = PBXNativeTarget;
			buildConfigurationList = AF8920F82BF80C9C001936DE /* Build configuration list for PBXNativeTarget "9lab_example3_KlimkoEugene" */;
			buildPhases = (
				AF8920E02BF80C9B001936DE /* Sources */,
				AF8920E12BF80C9B001936DE /* Frameworks */,
				AF8920E22BF80C9B001936DE /* Resources */,
			);
			buildRules = (
			);
			dependencies = (
			);
			name = 9lab_example3_KlimkoEugene;
			productName = 9lab_example3_KlimkoEugene;
			productReference = AF8920E42BF80C9B001936DE /* 9lab_example3_KlimkoEugene.app */;
			productType = "com.apple.product-type.application";
		};
/* End PBXNativeTarget section */

/* Begin PBXProject section */
		AF8920DC2BF80C9A001936DE /* Project object */ = {
			isa = PBXProject;
			attributes = {
				LastSwiftUpdateCheck = 1140;
				LastUpgradeCheck = 1140;
				ORGANIZATIONNAME = MacOSExi;
				TargetAttributes = {
					AF8920E32BF80C9B001936DE = {
						CreatedOnToolsVersion = 11.4.1;
					};
				};
			};
			buildConfigurationList = AF8920DF2BF80C9A001936DE /* Build configuration list for PBXProject "9lab_example3_KlimkoEugene" */;
			compatibilityVersion = "Xcode 9.3";
			developmentRegion = en;
			hasScannedForEncodings = 0;
			knownRegions = (
				en,
				Base,
			);
			mainGroup = AF8920DB2BF80C9A001936DE;
			productRefGroup = AF8920E52BF80C9B001936DE /* Products */;
			projectDirPath = "";
			projectRoot = "";
			targets = (
				AF8920E32BF80C9B001936DE /* 9lab_example3_KlimkoEugene */,
			);
		};
/* End PBXProject section */

/* Begin PBXResourcesBuildPhase section */
		AF8920E22BF80C9B001936DE /* Resources */ = {
			isa = PBXResourcesBuildPhase;
			buildActionMask = 2147483647;
			files = (
				AF8920F42BF80C9C001936DE /* LaunchScreen.storyboard in Resources */,
				AF8920F12BF80C9C001936DE /* Assets.xcassets in Resources */,
				AF8920EF2BF80C9B001936DE /* Main.storyboard in Resources */,
			);
			runOnlyForDeploymentPostprocessing = 0;
		};
/* End PBXResourcesBuildPhase section */

/* Begin PBXSourcesBuildPhase section */
		AF8920E02BF80C9B001936DE /* Sources */ = {
			isa = PBXSourcesBuildPhase;
			buildActionMask = 2147483647;
			files = (
				AF8920EC2BF80C9B001936DE /* ViewController.swift in Sources */,
				AF8920E82BF80C9B001936DE /* AppDelegate.swift in Sources */,
				AF8920EA2BF80C9B001936DE /* SceneDelegate.swift in Sources */,
			);
			runOnlyForDeploymentPostprocessing = 0;
		};
/* End PBXSourcesBuildPhase section */

/* Begin PBXVariantGroup section */
		AF8920ED2BF80C9B001936DE /* Main.storyboard */ = {
			isa = PBXVariantGroup;
			children = (
				AF8920EE2BF80C9B001936DE /* Base */,
			);
			name = Main.storyboard;
			sourceTree = "<group>";
		};
		AF8920F22BF80C9C001936DE /* LaunchScreen.storyboard */ = {
			isa = PBXVariantGroup;
			children = (
				AF8920F32BF80C9C001936DE /* Base */,
			);
			name = LaunchScreen.storyboard;
			sourceTree = "<group>";
		};
/* End PBXVariantGroup section */

/* Begin XCBuildConfiguration section */
		AF8920F62BF80C9C001936DE /* Debug */ = {
			isa = XCBuildConfiguration;
			buildSettings = {
				ALWAYS_SEARCH_USER_PATHS = NO;
				CLANG_ANALYZER_NONNULL = YES;
				CLANG_ANALYZER_NUMBER_OBJECT_CONVERSION = YES_AGGRESSIVE;
				CLANG_CXX_LANGUAGE_STANDARD = "gnu++14";
				CLANG_CXX_LIBRARY = "libc++";
				CLANG_ENABLE_MODULES = YES;
				CLANG_ENABLE_OBJC_ARC = YES;
				CLANG_ENABLE_OBJC_WEAK = YES;
				CLANG_WARN_BLOCK_CAPTURE_AUTORELEASING = YES;
				CLANG_WARN_BOOL_CONVERSION = YES;
				CLANG_WARN_COMMA = YES;
				CLANG_WARN_CONSTANT_CONVERSION = YES;
				CLANG_WARN_DEPRECATED_OBJC_IMPLEMENTATIONS = YES;
				CLANG_WARN_DIRECT_OBJC_ISA_USAGE = YES_ERROR;
				CLANG_WARN_DOCUMENTATION_COMMENTS = YES;
				CLANG_WARN_EMPTY_BODY = YES;
				CLANG_WARN_ENUM_CONVERSION = YES;
				CLANG_WARN_INFINITE_RECURSION = YES;
				CLANG_WARN_INT_CONVERSION = YES;
				CLANG_WARN_NON_LITERAL_NULL_CONVERSION = YES;
				CLANG_WARN_OBJC_IMPLICIT_RETAIN_SELF = YES;
				CLANG_WARN_OBJC_LITERAL_CONVERSION = YES;
				CLANG_WARN_OBJC_ROOT_CLASS = YES_ERROR;
				CLANG_WARN_RANGE_LOOP_ANALYSIS = YES;
				CLANG_WARN_STRICT_PROTOTYPES = YES;
				CLANG_WARN_SUSPICIOUS_MOVE = YES;
				CLANG_WARN_UNGUARDED_AVAILABILITY = YES_AGGRESSIVE;
				CLANG_WARN_UNREACHABLE_CODE = YES;
				CLANG_WARN__DUPLICATE_METHOD_MATCH = YES;
				COPY_PHASE_STRIP = NO;
				DEBUG_INFORMATION_FORMAT = dwarf;
				ENABLE_STRICT_OBJC_MSGSEND = YES;
				ENABLE_TESTABILITY = YES;
				GCC_C_LANGUAGE_STANDARD = gnu11;
				GCC_DYNAMIC_NO_PIC = NO;
				GCC_NO_COMMON_BLOCKS = YES;
				GCC_OPTIMIZATION_LEVEL = 0;
				GCC_PREPROCESSOR_DEFINITIONS = (
					"DEBUG=1",
					"$(inherited)",
				);
				GCC_WARN_64_TO_32_BIT_CONVERSION = YES;
				GCC_WARN_ABOUT_RETURN_TYPE = YES_ERROR;
				GCC_WARN_UNDECLARED_SELECTOR = YES;
				GCC_WARN_UNINITIALIZED_AUTOS = YES_AGGRESSIVE;
				GCC_WARN_UNUSED_FUNCTION = YES;
				GCC_WARN_UNUSED_VARIABLE = YES;
				IPHONEOS_DEPLOYMENT_TARGET = 13.4;
				MTL_ENABLE_DEBUG_INFO = INCLUDE_SOURCE;
				MTL_FAST_MATH = YES;
				ONLY_ACTIVE_ARCH = YES;
				SDKROOT = iphoneos;
				SWIFT_ACTIVE_COMPILATION_CONDITIONS = DEBUG;
				SWIFT_OPTIMIZATION_LEVEL = "-Onone";
			};
			name = Debug;
		};
		AF8920F72BF80C9C001936DE /* Release */ = {
			isa = XCBuildConfiguration;
			buildSettings = {
				ALWAYS_SEARCH_USER_PATHS = NO;
				CLANG_ANALYZER_NONNULL = YES;
				CLANG_ANALYZER_NUMBER_OBJECT_CONVERSION = YES_AGGRESSIVE;
				CLANG_CXX_LANGUAGE_STANDARD = "gnu++14";
				CLANG_CXX_LIBRARY = "libc++";
				CLANG_ENABLE_MODULES = YES;
				CLANG_ENABLE_OBJC_ARC = YES;
				CLANG_ENABLE_OBJC_WEAK = YES;
				CLANG_WARN_BLOCK_CAPTURE_AUTORELEASING = YES;
				CLANG_WARN_BOOL_CONVERSION = YES;
				CLANG_WARN_COMMA = YES;
				CLANG_WARN_CONSTANT_CONVERSION = YES;
				CLANG_WARN_DEPRECATED_OBJC_IMPLEMENTATIONS = YES;
				CLANG_WARN_DIRECT_OBJC_ISA_USAGE = YES_ERROR;
				CLANG_WARN_DOCUMENTATION_COMMENTS = YES;
				CLANG_WARN_EMPTY_BODY = YES;
				CLANG_WARN_ENUM_CONVERSION = YES;
				CLANG_WARN_INFINITE_RECURSION = YES;
				CLANG_WARN_INT_CONVERSION = YES;
				CLANG_WARN_NON_LITERAL_NULL_CONVERSION = YES;
				CLANG_WARN_OBJC_IMPLICIT_RETAIN_SELF = YES;
				CLANG_WARN_OBJC_LITERAL_CONVERSION = YES;
				CLANG_WARN_OBJC_ROOT_CLASS = YES_ERROR;
				CLANG_WARN_RANGE_LOOP_ANALYSIS = YES;
				CLANG_WARN_STRICT_PROTOTYPES = YES;
				CLANG_WARN_SUSPICIOUS_MOVE = YES;
				CLANG_WARN_UNGUARDED_AVAILABILITY = YES_AGGRESSIVE;
				CLANG_WARN_UNREACHABLE_CODE = YES;
				CLANG_WARN__DUPLICATE_METHOD_MATCH = YES;
				COPY_PHASE_STRIP = NO;
				DEBUG_INFORMATION_FORMAT = "dwarf-with-dsym";
				ENABLE_NS_ASSERTIONS = NO;
				ENABLE_STRICT_OBJC_MSGSEND = YES;
				GCC_C_LANGUAGE_STANDARD = gnu11;
				GCC_NO_COMMON_BLOCKS = YES;
				GCC_WARN_64_TO_32_BIT_CONVERSION = YES;
				GCC_WARN_ABOUT_RETURN_TYPE = YES_ERROR;
				GCC_WARN_UNDECLARED_SELECTOR = YES;
				GCC_WARN_UNINITIALIZED_AUTOS = YES_AGGRESSIVE;
				GCC_WARN_UNUSED_FUNCTION = YES;
				GCC_WARN_UNUSED_VARIABLE = YES;
				IPHONEOS_DEPLOYMENT_TARGET = 13.4;
				MTL_ENABLE_DEBUG_INFO = NO;
				MTL_FAST_MATH = YES;
				SDKROOT = iphoneos;
				SWIFT_COMPILATION_MODE = wholemodule;
				SWIFT_OPTIMIZATION_LEVEL = "-O";
				VALIDATE_PRODUCT = YES;
			};
			name = Release;
		};
		AF8920F92BF80C9C001936DE /* Debug */ = {
			isa = XCBuildConfiguration;
			buildSettings = {
				ASSETCATALOG_COMPILER_APPICON_NAME = AppIcon;
				CODE_SIGN_STYLE = Automatic;
				INFOPLIST_FILE = 9lab_example3_KlimkoEugene/Info.plist;
				LD_RUNPATH_SEARCH_PATHS = (
					"$(inherited)",
					"@executable_path/Frameworks",
				);
				PRODUCT_BUNDLE_IDENTIFIER = "TPMP2024.-lab-example3-KlimkoEugene";
				PRODUCT_NAME = "$(TARGET_NAME)";
				SWIFT_VERSION = 5.0;
				TARGETED_DEVICE_FAMILY = "1,2";
			};
			name = Debug;
		};
		AF8920FA2BF80C9C001936DE /* Release */ = {
			isa = XCBuildConfiguration;
			buildSettings = {
				ASSETCATALOG_COMPILER_APPICON_NAME = AppIcon;
				CODE_SIGN_STYLE = Automatic;
				INFOPLIST_FILE = 9lab_example3_KlimkoEugene/Info.plist;
				LD_RUNPATH_SEARCH_PATHS = (
					"$(inherited)",
					"@executable_path/Frameworks",
				);
				PRODUCT_BUNDLE_IDENTIFIER = "TPMP2024.-lab-example3-KlimkoEugene";
				PRODUCT_NAME = "$(TARGET_NAME)";
				SWIFT_VERSION = 5.0;
				TARGETED_DEVICE_FAMILY = "1,2";
			};
			name = Release;
		};
/* End XCBuildConfiguration section */

/* Begin XCConfigurationList section */
		AF8920DF2BF80C9A001936DE /* Build configuration list for PBXProject "9lab_example3_KlimkoEugene" */ = {
			isa = XCConfigurationList;
			buildConfigurations = (
				AF8920F62BF80C9C001936DE /* Debug */,
				AF8920F72BF80C9C001936DE /* Release */,
			);
			defaultConfigurationIsVisible = 0;
			defaultConfigurationName = Release;
		};
		AF8920F82BF80C9C001936DE /* Build configuration list for PBXNativeTarget "9lab_example3_KlimkoEugene" */ = {
			isa = XCConfigurationList;
			buildConfigurations = (
				AF8920F92BF80C9C001936DE /* Debug */,
				AF8920FA2BF80C9C001936DE /* Release */,
			);
			defaultConfigurationIsVisible = 0;
			defaultConfigurationName = Release;
		};
/* End XCConfigurationList section */
	};
	rootObject = AF8920DC2BF80C9A001936DE /* Project object */;
}
