// !$*UTF8*$!
{
	archiveVersion = 1;
	classes = {
	};
	objectVersion = 50;
	objects = {

/* Begin PBXBuildFile section */
		AF89990B2BF6CB08008C8A55 /* AppDelegate.swift in Sources */ = {isa = PBXBuildFile; fileRef = AF89990A2BF6CB08008C8A55 /* AppDelegate.swift */; };
		AF89990D2BF6CB08008C8A55 /* SceneDelegate.swift in Sources */ = {isa = PBXBuildFile; fileRef = AF89990C2BF6CB08008C8A55 /* SceneDelegate.swift */; };
		AF89990F2BF6CB08008C8A55 /* ViewController.swift in Sources */ = {isa = PBXBuildFile; fileRef = AF89990E2BF6CB08008C8A55 /* ViewController.swift */; };
		AF8999122BF6CB08008C8A55 /* Main.storyboard in Resources */ = {isa = PBXBuildFile; fileRef = AF8999102BF6CB08008C8A55 /* Main.storyboard */; };
		AF8999142BF6CB09008C8A55 /* Assets.xcassets in Resources */ = {isa = PBXBuildFile; fileRef = AF8999132BF6CB09008C8A55 /* Assets.xcassets */; };
		AF8999172BF6CB09008C8A55 /* LaunchScreen.storyboard in Resources */ = {isa = PBXBuildFile; fileRef = AF8999152BF6CB09008C8A55 /* LaunchScreen.storyboard */; };
/* End PBXBuildFile section */

/* Begin PBXFileReference section */
		AF8999072BF6CB08008C8A55 /* 8lab_exapme2_KlimkoEugene.app */ = {isa = PBXFileReference; explicitFileType = wrapper.application; includeInIndex = 0; path = 8lab_exapme2_KlimkoEugene.app; sourceTree = BUILT_PRODUCTS_DIR; };
		AF89990A2BF6CB08008C8A55 /* AppDelegate.swift */ = {isa = PBXFileReference; lastKnownFileType = sourcecode.swift; path = AppDelegate.swift; sourceTree = "<group>"; };
		AF89990C2BF6CB08008C8A55 /* SceneDelegate.swift */ = {isa = PBXFileReference; lastKnownFileType = sourcecode.swift; path = SceneDelegate.swift; sourceTree = "<group>"; };
		AF89990E2BF6CB08008C8A55 /* ViewController.swift */ = {isa = PBXFileReference; lastKnownFileType = sourcecode.swift; path = ViewController.swift; sourceTree = "<group>"; };
		AF8999112BF6CB08008C8A55 /* Base */ = {isa = PBXFileReference; lastKnownFileType = file.storyboard; name = Base; path = Base.lproj/Main.storyboard; sourceTree = "<group>"; };
		AF8999132BF6CB09008C8A55 /* Assets.xcassets */ = {isa = PBXFileReference; lastKnownFileType = folder.assetcatalog; path = Assets.xcassets; sourceTree = "<group>"; };
		AF8999162BF6CB09008C8A55 /* Base */ = {isa = PBXFileReference; lastKnownFileType = file.storyboard; name = Base; path = Base.lproj/LaunchScreen.storyboard; sourceTree = "<group>"; };
		AF8999182BF6CB09008C8A55 /* Info.plist */ = {isa = PBXFileReference; lastKnownFileType = text.plist.xml; path = Info.plist; sourceTree = "<group>"; };
/* End PBXFileReference section */

/* Begin PBXFrameworksBuildPhase section */
		AF8999042BF6CB08008C8A55 /* Frameworks */ = {
			isa = PBXFrameworksBuildPhase;
			buildActionMask = 2147483647;
			files = (
			);
			runOnlyForDeploymentPostprocessing = 0;
		};
/* End PBXFrameworksBuildPhase section */

/* Begin PBXGroup section */
		AF8998FE2BF6CB08008C8A55 = {
			isa = PBXGroup;
			children = (
				AF8999092BF6CB08008C8A55 /* 8lab_exapme2_KlimkoEugene */,
				AF8999082BF6CB08008C8A55 /* Products */,
			);
			sourceTree = "<group>";
		};
		AF8999082BF6CB08008C8A55 /* Products */ = {
			isa = PBXGroup;
			children = (
				AF8999072BF6CB08008C8A55 /* 8lab_exapme2_KlimkoEugene.app */,
			);
			name = Products;
			sourceTree = "<group>";
		};
		AF8999092BF6CB08008C8A55 /* 8lab_exapme2_KlimkoEugene */ = {
			isa = PBXGroup;
			children = (
				AF89990A2BF6CB08008C8A55 /* AppDelegate.swift */,
				AF89990C2BF6CB08008C8A55 /* SceneDelegate.swift */,
				AF89990E2BF6CB08008C8A55 /* ViewController.swift */,
				AF8999102BF6CB08008C8A55 /* Main.storyboard */,
				AF8999132BF6CB09008C8A55 /* Assets.xcassets */,
				AF8999152BF6CB09008C8A55 /* LaunchScreen.storyboard */,
				AF8999182BF6CB09008C8A55 /* Info.plist */,
			);
			path = 8lab_exapme2_KlimkoEugene;
			sourceTree = "<group>";
		};
/* End PBXGroup section */

/* Begin PBXNativeTarget section */
		AF8999062BF6CB08008C8A55 /* 8lab_exapme2_KlimkoEugene */ = {
			isa = PBXNativeTarget;
			buildConfigurationList = AF89991B2BF6CB09008C8A55 /* Build configuration list for PBXNativeTarget "8lab_exapme2_KlimkoEugene" */;
			buildPhases = (
				AF8999032BF6CB08008C8A55 /* Sources */,
				AF8999042BF6CB08008C8A55 /* Frameworks */,
				AF8999052BF6CB08008C8A55 /* Resources */,
			);
			buildRules = (
			);
			dependencies = (
			);
			name = 8lab_exapme2_KlimkoEugene;
			productName = 8lab_exapme2_KlimkoEugene;
			productReference = AF8999072BF6CB08008C8A55 /* 8lab_exapme2_KlimkoEugene.app */;
			productType = "com.apple.product-type.application";
		};
/* End PBXNativeTarget section */

/* Begin PBXProject section */
		AF8998FF2BF6CB08008C8A55 /* Project object */ = {
			isa = PBXProject;
			attributes = {
				LastSwiftUpdateCheck = 1140;
				LastUpgradeCheck = 1140;
				ORGANIZATIONNAME = MacOSExi;
				TargetAttributes = {
					AF8999062BF6CB08008C8A55 = {
						CreatedOnToolsVersion = 11.4.1;
					};
				};
			};
			buildConfigurationList = AF8999022BF6CB08008C8A55 /* Build configuration list for PBXProject "8lab_exapme2_KlimkoEugene" */;
			compatibilityVersion = "Xcode 9.3";
			developmentRegion = en;
			hasScannedForEncodings = 0;
			knownRegions = (
				en,
				Base,
			);
			mainGroup = AF8998FE2BF6CB08008C8A55;
			productRefGroup = AF8999082BF6CB08008C8A55 /* Products */;
			projectDirPath = "";
			projectRoot = "";
			targets = (
				AF8999062BF6CB08008C8A55 /* 8lab_exapme2_KlimkoEugene */,
			);
		};
/* End PBXProject section */

/* Begin PBXResourcesBuildPhase section */
		AF8999052BF6CB08008C8A55 /* Resources */ = {
			isa = PBXResourcesBuildPhase;
			buildActionMask = 2147483647;
			files = (
				AF8999172BF6CB09008C8A55 /* LaunchScreen.storyboard in Resources */,
				AF8999142BF6CB09008C8A55 /* Assets.xcassets in Resources */,
				AF8999122BF6CB08008C8A55 /* Main.storyboard in Resources */,
			);
			runOnlyForDeploymentPostprocessing = 0;
		};
/* End PBXResourcesBuildPhase section */

/* Begin PBXSourcesBuildPhase section */
		AF8999032BF6CB08008C8A55 /* Sources */ = {
			isa = PBXSourcesBuildPhase;
			buildActionMask = 2147483647;
			files = (
				AF89990F2BF6CB08008C8A55 /* ViewController.swift in Sources */,
				AF89990B2BF6CB08008C8A55 /* AppDelegate.swift in Sources */,
				AF89990D2BF6CB08008C8A55 /* SceneDelegate.swift in Sources */,
			);
			runOnlyForDeploymentPostprocessing = 0;
		};
/* End PBXSourcesBuildPhase section */

/* Begin PBXVariantGroup section */
		AF8999102BF6CB08008C8A55 /* Main.storyboard */ = {
			isa = PBXVariantGroup;
			children = (
				AF8999112BF6CB08008C8A55 /* Base */,
			);
			name = Main.storyboard;
			sourceTree = "<group>";
		};
		AF8999152BF6CB09008C8A55 /* LaunchScreen.storyboard */ = {
			isa = PBXVariantGroup;
			children = (
				AF8999162BF6CB09008C8A55 /* Base */,
			);
			name = LaunchScreen.storyboard;
			sourceTree = "<group>";
		};
/* End PBXVariantGroup section */

/* Begin XCBuildConfiguration section */
		AF8999192BF6CB09008C8A55 /* Debug */ = {
			isa = XCBuildConfiguration;
			buildSettings = {
				ALWAYS_SEARCH_USER_PATHS = NO;
				CLANG_ANALYZER_NONNULL = YES;
				CLANG_ANALYZER_NUMBER_OBJECT_CONVERSION = YES_AGGRESSIVE;
				CLANG_CXX_LANGUAGE_STANDARD = "gnu++14";
				CLANG_CXX_LIBRARY = "libc++";
				CLANG_ENABLE_MODULES = YES;
				CLANG_ENABLE_OBJC_ARC = YES;
				CLANG_ENABLE_OBJC_WEAK = YES;
				CLANG_WARN_BLOCK_CAPTURE_AUTORELEASING = YES;
				CLANG_WARN_BOOL_CONVERSION = YES;
				CLANG_WARN_COMMA = YES;
				CLANG_WARN_CONSTANT_CONVERSION = YES;
				CLANG_WARN_DEPRECATED_OBJC_IMPLEMENTATIONS = YES;
				CLANG_WARN_DIRECT_OBJC_ISA_USAGE = YES_ERROR;
				CLANG_WARN_DOCUMENTATION_COMMENTS = YES;
				CLANG_WARN_EMPTY_BODY = YES;
				CLANG_WARN_ENUM_CONVERSION = YES;
				CLANG_WARN_INFINITE_RECURSION = YES;
				CLANG_WARN_INT_CONVERSION = YES;
				CLANG_WARN_NON_LITERAL_NULL_CONVERSION = YES;
				CLANG_WARN_OBJC_IMPLICIT_RETAIN_SELF = YES;
				CLANG_WARN_OBJC_LITERAL_CONVERSION = YES;
				CLANG_WARN_OBJC_ROOT_CLASS = YES_ERROR;
				CLANG_WARN_RANGE_LOOP_ANALYSIS = YES;
				CLANG_WARN_STRICT_PROTOTYPES = YES;
				CLANG_WARN_SUSPICIOUS_MOVE = YES;
				CLANG_WARN_UNGUARDED_AVAILABILITY = YES_AGGRESSIVE;
				CLANG_WARN_UNREACHABLE_CODE = YES;
				CLANG_WARN__DUPLICATE_METHOD_MATCH = YES;
				COPY_PHASE_STRIP = NO;
				DEBUG_INFORMATION_FORMAT = dwarf;
				ENABLE_STRICT_OBJC_MSGSEND = YES;
				ENABLE_TESTABILITY = YES;
				GCC_C_LANGUAGE_STANDARD = gnu11;
				GCC_DYNAMIC_NO_PIC = NO;
				GCC_NO_COMMON_BLOCKS = YES;
				GCC_OPTIMIZATION_LEVEL = 0;
				GCC_PREPROCESSOR_DEFINITIONS = (
					"DEBUG=1",
					"$(inherited)",
				);
				GCC_WARN_64_TO_32_BIT_CONVERSION = YES;
				GCC_WARN_ABOUT_RETURN_TYPE = YES_ERROR;
				GCC_WARN_UNDECLARED_SELECTOR = YES;
				GCC_WARN_UNINITIALIZED_AUTOS = YES_AGGRESSIVE;
				GCC_WARN_UNUSED_FUNCTION = YES;
				GCC_WARN_UNUSED_VARIABLE = YES;
				IPHONEOS_DEPLOYMENT_TARGET = 13.4;
				MTL_ENABLE_DEBUG_INFO = INCLUDE_SOURCE;
				MTL_FAST_MATH = YES;
				ONLY_ACTIVE_ARCH = YES;
				SDKROOT = iphoneos;
				SWIFT_ACTIVE_COMPILATION_CONDITIONS = DEBUG;
				SWIFT_OPTIMIZATION_LEVEL = "-Onone";
			};
			name = Debug;
		};
		AF89991A2BF6CB09008C8A55 /* Release */ = {
			isa = XCBuildConfiguration;
			buildSettings = {
				ALWAYS_SEARCH_USER_PATHS = NO;
				CLANG_ANALYZER_NONNULL = YES;
				CLANG_ANALYZER_NUMBER_OBJECT_CONVERSION = YES_AGGRESSIVE;
				CLANG_CXX_LANGUAGE_STANDARD = "gnu++14";
				CLANG_CXX_LIBRARY = "libc++";
				CLANG_ENABLE_MODULES = YES;
				CLANG_ENABLE_OBJC_ARC = YES;
				CLANG_ENABLE_OBJC_WEAK = YES;
				CLANG_WARN_BLOCK_CAPTURE_AUTORELEASING = YES;
				CLANG_WARN_BOOL_CONVERSION = YES;
				CLANG_WARN_COMMA = YES;
				CLANG_WARN_CONSTANT_CONVERSION = YES;
				CLANG_WARN_DEPRECATED_OBJC_IMPLEMENTATIONS = YES;
				CLANG_WARN_DIRECT_OBJC_ISA_USAGE = YES_ERROR;
				CLANG_WARN_DOCUMENTATION_COMMENTS = YES;
				CLANG_WARN_EMPTY_BODY = YES;
				CLANG_WARN_ENUM_CONVERSION = YES;
				CLANG_WARN_INFINITE_RECURSION = YES;
				CLANG_WARN_INT_CONVERSION = YES;
				CLANG_WARN_NON_LITERAL_NULL_CONVERSION = YES;
				CLANG_WARN_OBJC_IMPLICIT_RETAIN_SELF = YES;
				CLANG_WARN_OBJC_LITERAL_CONVERSION = YES;
				CLANG_WARN_OBJC_ROOT_CLASS = YES_ERROR;
				CLANG_WARN_RANGE_LOOP_ANALYSIS = YES;
				CLANG_WARN_STRICT_PROTOTYPES = YES;
				CLANG_WARN_SUSPICIOUS_MOVE = YES;
				CLANG_WARN_UNGUARDED_AVAILABILITY = YES_AGGRESSIVE;
				CLANG_WARN_UNREACHABLE_CODE = YES;
				CLANG_WARN__DUPLICATE_METHOD_MATCH = YES;
				COPY_PHASE_STRIP = NO;
				DEBUG_INFORMATION_FORMAT = "dwarf-with-dsym";
				ENABLE_NS_ASSERTIONS = NO;
				ENABLE_STRICT_OBJC_MSGSEND = YES;
				GCC_C_LANGUAGE_STANDARD = gnu11;
				GCC_NO_COMMON_BLOCKS = YES;
				GCC_WARN_64_TO_32_BIT_CONVERSION = YES;
				GCC_WARN_ABOUT_RETURN_TYPE = YES_ERROR;
				GCC_WARN_UNDECLARED_SELECTOR = YES;
				GCC_WARN_UNINITIALIZED_AUTOS = YES_AGGRESSIVE;
				GCC_WARN_UNUSED_FUNCTION = YES;
				GCC_WARN_UNUSED_VARIABLE = YES;
				IPHONEOS_DEPLOYMENT_TARGET = 13.4;
				MTL_ENABLE_DEBUG_INFO = NO;
				MTL_FAST_MATH = YES;
				SDKROOT = iphoneos;
				SWIFT_COMPILATION_MODE = wholemodule;
				SWIFT_OPTIMIZATION_LEVEL = "-O";
				VALIDATE_PRODUCT = YES;
			};
			name = Release;
		};
		AF89991C2BF6CB09008C8A55 /* Debug */ = {
			isa = XCBuildConfiguration;
			buildSettings = {
				ASSETCATALOG_COMPILER_APPICON_NAME = AppIcon;
				CODE_SIGN_STYLE = Automatic;
				INFOPLIST_FILE = 8lab_exapme2_KlimkoEugene/Info.plist;
				LD_RUNPATH_SEARCH_PATHS = (
					"$(inherited)",
					"@executable_path/Frameworks",
				);
				PRODUCT_BUNDLE_IDENTIFIER = "TPMP2024.-lab-exapme2-KlimkoEugene";
				PRODUCT_NAME = "$(TARGET_NAME)";
				SWIFT_VERSION = 5.0;
				TARGETED_DEVICE_FAMILY = "1,2";
			};
			name = Debug;
		};
		AF89991D2BF6CB09008C8A55 /* Release */ = {
			isa = XCBuildConfiguration;
			buildSettings = {
				ASSETCATALOG_COMPILER_APPICON_NAME = AppIcon;
				CODE_SIGN_STYLE = Automatic;
				INFOPLIST_FILE = 8lab_exapme2_KlimkoEugene/Info.plist;
				LD_RUNPATH_SEARCH_PATHS = (
					"$(inherited)",
					"@executable_path/Frameworks",
				);
				PRODUCT_BUNDLE_IDENTIFIER = "TPMP2024.-lab-exapme2-KlimkoEugene";
				PRODUCT_NAME = "$(TARGET_NAME)";
				SWIFT_VERSION = 5.0;
				TARGETED_DEVICE_FAMILY = "1,2";
			};
			name = Release;
		};
/* End XCBuildConfiguration section */

/* Begin XCConfigurationList section */
		AF8999022BF6CB08008C8A55 /* Build configuration list for PBXProject "8lab_exapme2_KlimkoEugene" */ = {
			isa = XCConfigurationList;
			buildConfigurations = (
				AF8999192BF6CB09008C8A55 /* Debug */,
				AF89991A2BF6CB09008C8A55 /* Release */,
			);
			defaultConfigurationIsVisible = 0;
			defaultConfigurationName = Release;
		};
		AF89991B2BF6CB09008C8A55 /* Build configuration list for PBXNativeTarget "8lab_exapme2_KlimkoEugene" */ = {
			isa = XCConfigurationList;
			buildConfigurations = (
				AF89991C2BF6CB09008C8A55 /* Debug */,
				AF89991D2BF6CB09008C8A55 /* Release */,
			);
			defaultConfigurationIsVisible = 0;
			defaultConfigurationName = Release;
		};
/* End XCConfigurationList section */
	};
	rootObject = AF8998FF2BF6CB08008C8A55 /* Project object */;
}
