// !$*UTF8*$!
{
	archiveVersion = 1;
	classes = {
	};
	objectVersion = 50;
	objects = {

/* Begin PBXBuildFile section */
		AF727C232BF6E38A00CEF17B /* AppDelegate.swift in Sources */ = {isa = PBXBuildFile; fileRef = AF727C222BF6E38A00CEF17B /* AppDelegate.swift */; };
		AF727C252BF6E38A00CEF17B /* SceneDelegate.swift in Sources */ = {isa = PBXBuildFile; fileRef = AF727C242BF6E38A00CEF17B /* SceneDelegate.swift */; };
		AF727C272BF6E38A00CEF17B /* ViewController.swift in Sources */ = {isa = PBXBuildFile; fileRef = AF727C262BF6E38A00CEF17B /* ViewController.swift */; };
		AF727C2A2BF6E38A00CEF17B /* Main.storyboard in Resources */ = {isa = PBXBuildFile; fileRef = AF727C282BF6E38A00CEF17B /* Main.storyboard */; };
		AF727C2C2BF6E38C00CEF17B /* Assets.xcassets in Resources */ = {isa = PBXBuildFile; fileRef = AF727C2B2BF6E38C00CEF17B /* Assets.xcassets */; };
		AF727C2F2BF6E38C00CEF17B /* LaunchScreen.storyboard in Resources */ = {isa = PBXBuildFile; fileRef = AF727C2D2BF6E38C00CEF17B /* LaunchScreen.storyboard */; };
/* End PBXBuildFile section */

/* Begin PBXFileReference section */
		AF727C1F2BF6E38A00CEF17B /* 8lab_task2.4_KlimkoEugene.app */ = {isa = PBXFileReference; explicitFileType = wrapper.application; includeInIndex = 0; path = 8lab_task2.4_KlimkoEugene.app; sourceTree = BUILT_PRODUCTS_DIR; };
		AF727C222BF6E38A00CEF17B /* AppDelegate.swift */ = {isa = PBXFileReference; lastKnownFileType = sourcecode.swift; path = AppDelegate.swift; sourceTree = "<group>"; };
		AF727C242BF6E38A00CEF17B /* SceneDelegate.swift */ = {isa = PBXFileReference; lastKnownFileType = sourcecode.swift; path = SceneDelegate.swift; sourceTree = "<group>"; };
		AF727C262BF6E38A00CEF17B /* ViewController.swift */ = {isa = PBXFileReference; lastKnownFileType = sourcecode.swift; path = ViewController.swift; sourceTree = "<group>"; };
		AF727C292BF6E38A00CEF17B /* Base */ = {isa = PBXFileReference; lastKnownFileType = file.storyboard; name = Base; path = Base.lproj/Main.storyboard; sourceTree = "<group>"; };
		AF727C2B2BF6E38C00CEF17B /* Assets.xcassets */ = {isa = PBXFileReference; lastKnownFileType = folder.assetcatalog; path = Assets.xcassets; sourceTree = "<group>"; };
		AF727C2E2BF6E38C00CEF17B /* Base */ = {isa = PBXFileReference; lastKnownFileType = file.storyboard; name = Base; path = Base.lproj/LaunchScreen.storyboard; sourceTree = "<group>"; };
		AF727C302BF6E38C00CEF17B /* Info.plist */ = {isa = PBXFileReference; lastKnownFileType = text.plist.xml; path = Info.plist; sourceTree = "<group>"; };
/* End PBXFileReference section */

/* Begin PBXFrameworksBuildPhase section */
		AF727C1C2BF6E38A00CEF17B /* Frameworks */ = {
			isa = PBXFrameworksBuildPhase;
			buildActionMask = 2147483647;
			files = (
			);
			runOnlyForDeploymentPostprocessing = 0;
		};
/* End PBXFrameworksBuildPhase section */

/* Begin PBXGroup section */
		AF727C162BF6E38A00CEF17B = {
			isa = PBXGroup;
			children = (
				AF727C212BF6E38A00CEF17B /* 8lab_task2.4_KlimkoEugene */,
				AF727C202BF6E38A00CEF17B /* Products */,
			);
			sourceTree = "<group>";
		};
		AF727C202BF6E38A00CEF17B /* Products */ = {
			isa = PBXGroup;
			children = (
				AF727C1F2BF6E38A00CEF17B /* 8lab_task2.4_KlimkoEugene.app */,
			);
			name = Products;
			sourceTree = "<group>";
		};
		AF727C212BF6E38A00CEF17B /* 8lab_task2.4_KlimkoEugene */ = {
			isa = PBXGroup;
			children = (
				AF727C382BF6E3C500CEF17B /* Model */,
				AF727C372BF6E3BC00CEF17B /* Controller */,
				AF727C222BF6E38A00CEF17B /* AppDelegate.swift */,
				AF727C362BF6E3AD00CEF17B /* View */,
				AF727C242BF6E38A00CEF17B /* SceneDelegate.swift */,
				AF727C262BF6E38A00CEF17B /* ViewController.swift */,
				AF727C282BF6E38A00CEF17B /* Main.storyboard */,
				AF727C2B2BF6E38C00CEF17B /* Assets.xcassets */,
				AF727C2D2BF6E38C00CEF17B /* LaunchScreen.storyboard */,
				AF727C302BF6E38C00CEF17B /* Info.plist */,
			);
			path = 8lab_task2.4_KlimkoEugene;
			sourceTree = "<group>";
		};
		AF727C362BF6E3AD00CEF17B /* View */ = {
			isa = PBXGroup;
			children = (
			);
			path = View;
			sourceTree = "<group>";
		};
		AF727C372BF6E3BC00CEF17B /* Controller */ = {
			isa = PBXGroup;
			children = (
			);
			path = Controller;
			sourceTree = "<group>";
		};
		AF727C382BF6E3C500CEF17B /* Model */ = {
			isa = PBXGroup;
			children = (
			);
			path = Model;
			sourceTree = "<group>";
		};
/* End PBXGroup section */

/* Begin PBXNativeTarget section */
		AF727C1E2BF6E38A00CEF17B /* 8lab_task2.4_KlimkoEugene */ = {
			isa = PBXNativeTarget;
			buildConfigurationList = AF727C332BF6E38C00CEF17B /* Build configuration list for PBXNativeTarget "8lab_task2.4_KlimkoEugene" */;
			buildPhases = (
				AF727C1B2BF6E38A00CEF17B /* Sources */,
				AF727C1C2BF6E38A00CEF17B /* Frameworks */,
				AF727C1D2BF6E38A00CEF17B /* Resources */,
			);
			buildRules = (
			);
			dependencies = (
			);
			name = 8lab_task2.4_KlimkoEugene;
			productName = 8lab_task2.4_KlimkoEugene;
			productReference = AF727C1F2BF6E38A00CEF17B /* 8lab_task2.4_KlimkoEugene.app */;
			productType = "com.apple.product-type.application";
		};
/* End PBXNativeTarget section */

/* Begin PBXProject section */
		AF727C172BF6E38A00CEF17B /* Project object */ = {
			isa = PBXProject;
			attributes = {
				LastSwiftUpdateCheck = 1140;
				LastUpgradeCheck = 1140;
				ORGANIZATIONNAME = MacOSExi;
				TargetAttributes = {
					AF727C1E2BF6E38A00CEF17B = {
						CreatedOnToolsVersion = 11.4.1;
					};
				};
			};
			buildConfigurationList = AF727C1A2BF6E38A00CEF17B /* Build configuration list for PBXProject "8lab_task2.4_KlimkoEugene" */;
			compatibilityVersion = "Xcode 9.3";
			developmentRegion = en;
			hasScannedForEncodings = 0;
			knownRegions = (
				en,
				Base,
			);
			mainGroup = AF727C162BF6E38A00CEF17B;
			productRefGroup = AF727C202BF6E38A00CEF17B /* Products */;
			projectDirPath = "";
			projectRoot = "";
			targets = (
				AF727C1E2BF6E38A00CEF17B /* 8lab_task2.4_KlimkoEugene */,
			);
		};
/* End PBXProject section */

/* Begin PBXResourcesBuildPhase section */
		AF727C1D2BF6E38A00CEF17B /* Resources */ = {
			isa = PBXResourcesBuildPhase;
			buildActionMask = 2147483647;
			files = (
				AF727C2F2BF6E38C00CEF17B /* LaunchScreen.storyboard in Resources */,
				AF727C2C2BF6E38C00CEF17B /* Assets.xcassets in Resources */,
				AF727C2A2BF6E38A00CEF17B /* Main.storyboard in Resources */,
			);
			runOnlyForDeploymentPostprocessing = 0;
		};
/* End PBXResourcesBuildPhase section */

/* Begin PBXSourcesBuildPhase section */
		AF727C1B2BF6E38A00CEF17B /* Sources */ = {
			isa = PBXSourcesBuildPhase;
			buildActionMask = 2147483647;
			files = (
				AF727C272BF6E38A00CEF17B /* ViewController.swift in Sources */,
				AF727C232BF6E38A00CEF17B /* AppDelegate.swift in Sources */,
				AF727C252BF6E38A00CEF17B /* SceneDelegate.swift in Sources */,
			);
			runOnlyForDeploymentPostprocessing = 0;
		};
/* End PBXSourcesBuildPhase section */

/* Begin PBXVariantGroup section */
		AF727C282BF6E38A00CEF17B /* Main.storyboard */ = {
			isa = PBXVariantGroup;
			children = (
				AF727C292BF6E38A00CEF17B /* Base */,
			);
			name = Main.storyboard;
			sourceTree = "<group>";
		};
		AF727C2D2BF6E38C00CEF17B /* LaunchScreen.storyboard */ = {
			isa = PBXVariantGroup;
			children = (
				AF727C2E2BF6E38C00CEF17B /* Base */,
			);
			name = LaunchScreen.storyboard;
			sourceTree = "<group>";
		};
/* End PBXVariantGroup section */

/* Begin XCBuildConfiguration section */
		AF727C312BF6E38C00CEF17B /* Debug */ = {
			isa = XCBuildConfiguration;
			buildSettings = {
				ALWAYS_SEARCH_USER_PATHS = NO;
				CLANG_ANALYZER_NONNULL = YES;
				CLANG_ANALYZER_NUMBER_OBJECT_CONVERSION = YES_AGGRESSIVE;
				CLANG_CXX_LANGUAGE_STANDARD = "gnu++14";
				CLANG_CXX_LIBRARY = "libc++";
				CLANG_ENABLE_MODULES = YES;
				CLANG_ENABLE_OBJC_ARC = YES;
				CLANG_ENABLE_OBJC_WEAK = YES;
				CLANG_WARN_BLOCK_CAPTURE_AUTORELEASING = YES;
				CLANG_WARN_BOOL_CONVERSION = YES;
				CLANG_WARN_COMMA = YES;
				CLANG_WARN_CONSTANT_CONVERSION = YES;
				CLANG_WARN_DEPRECATED_OBJC_IMPLEMENTATIONS = YES;
				CLANG_WARN_DIRECT_OBJC_ISA_USAGE = YES_ERROR;
				CLANG_WARN_DOCUMENTATION_COMMENTS = YES;
				CLANG_WARN_EMPTY_BODY = YES;
				CLANG_WARN_ENUM_CONVERSION = YES;
				CLANG_WARN_INFINITE_RECURSION = YES;
				CLANG_WARN_INT_CONVERSION = YES;
				CLANG_WARN_NON_LITERAL_NULL_CONVERSION = YES;
				CLANG_WARN_OBJC_IMPLICIT_RETAIN_SELF = YES;
				CLANG_WARN_OBJC_LITERAL_CONVERSION = YES;
				CLANG_WARN_OBJC_ROOT_CLASS = YES_ERROR;
				CLANG_WARN_RANGE_LOOP_ANALYSIS = YES;
				CLANG_WARN_STRICT_PROTOTYPES = YES;
				CLANG_WARN_SUSPICIOUS_MOVE = YES;
				CLANG_WARN_UNGUARDED_AVAILABILITY = YES_AGGRESSIVE;
				CLANG_WARN_UNREACHABLE_CODE = YES;
				CLANG_WARN__DUPLICATE_METHOD_MATCH = YES;
				COPY_PHASE_STRIP = NO;
				DEBUG_INFORMATION_FORMAT = dwarf;
				ENABLE_STRICT_OBJC_MSGSEND = YES;
				ENABLE_TESTABILITY = YES;
				GCC_C_LANGUAGE_STANDARD = gnu11;
				GCC_DYNAMIC_NO_PIC = NO;
				GCC_NO_COMMON_BLOCKS = YES;
				GCC_OPTIMIZATION_LEVEL = 0;
				GCC_PREPROCESSOR_DEFINITIONS = (
					"DEBUG=1",
					"$(inherited)",
				);
				GCC_WARN_64_TO_32_BIT_CONVERSION = YES;
				GCC_WARN_ABOUT_RETURN_TYPE = YES_ERROR;
				GCC_WARN_UNDECLARED_SELECTOR = YES;
				GCC_WARN_UNINITIALIZED_AUTOS = YES_AGGRESSIVE;
				GCC_WARN_UNUSED_FUNCTION = YES;
				GCC_WARN_UNUSED_VARIABLE = YES;
				IPHONEOS_DEPLOYMENT_TARGET = 13.4;
				MTL_ENABLE_DEBUG_INFO = INCLUDE_SOURCE;
				MTL_FAST_MATH = YES;
				ONLY_ACTIVE_ARCH = YES;
				SDKROOT = iphoneos;
				SWIFT_ACTIVE_COMPILATION_CONDITIONS = DEBUG;
				SWIFT_OPTIMIZATION_LEVEL = "-Onone";
			};
			name = Debug;
		};
		AF727C322BF6E38C00CEF17B /* Release */ = {
			isa = XCBuildConfiguration;
			buildSettings = {
				ALWAYS_SEARCH_USER_PATHS = NO;
				CLANG_ANALYZER_NONNULL = YES;
				CLANG_ANALYZER_NUMBER_OBJECT_CONVERSION = YES_AGGRESSIVE;
				CLANG_CXX_LANGUAGE_STANDARD = "gnu++14";
				CLANG_CXX_LIBRARY = "libc++";
				CLANG_ENABLE_MODULES = YES;
				CLANG_ENABLE_OBJC_ARC = YES;
				CLANG_ENABLE_OBJC_WEAK = YES;
				CLANG_WARN_BLOCK_CAPTURE_AUTORELEASING = YES;
				CLANG_WARN_BOOL_CONVERSION = YES;
				CLANG_WARN_COMMA = YES;
				CLANG_WARN_CONSTANT_CONVERSION = YES;
				CLANG_WARN_DEPRECATED_OBJC_IMPLEMENTATIONS = YES;
				CLANG_WARN_DIRECT_OBJC_ISA_USAGE = YES_ERROR;
				CLANG_WARN_DOCUMENTATION_COMMENTS = YES;
				CLANG_WARN_EMPTY_BODY = YES;
				CLANG_WARN_ENUM_CONVERSION = YES;
				CLANG_WARN_INFINITE_RECURSION = YES;
				CLANG_WARN_INT_CONVERSION = YES;
				CLANG_WARN_NON_LITERAL_NULL_CONVERSION = YES;
				CLANG_WARN_OBJC_IMPLICIT_RETAIN_SELF = YES;
				CLANG_WARN_OBJC_LITERAL_CONVERSION = YES;
				CLANG_WARN_OBJC_ROOT_CLASS = YES_ERROR;
				CLANG_WARN_RANGE_LOOP_ANALYSIS = YES;
				CLANG_WARN_STRICT_PROTOTYPES = YES;
				CLANG_WARN_SUSPICIOUS_MOVE = YES;
				CLANG_WARN_UNGUARDED_AVAILABILITY = YES_AGGRESSIVE;
				CLANG_WARN_UNREACHABLE_CODE = YES;
				CLANG_WARN__DUPLICATE_METHOD_MATCH = YES;
				COPY_PHASE_STRIP = NO;
				DEBUG_INFORMATION_FORMAT = "dwarf-with-dsym";
				ENABLE_NS_ASSERTIONS = NO;
				ENABLE_STRICT_OBJC_MSGSEND = YES;
				GCC_C_LANGUAGE_STANDARD = gnu11;
				GCC_NO_COMMON_BLOCKS = YES;
				GCC_WARN_64_TO_32_BIT_CONVERSION = YES;
				GCC_WARN_ABOUT_RETURN_TYPE = YES_ERROR;
				GCC_WARN_UNDECLARED_SELECTOR = YES;
				GCC_WARN_UNINITIALIZED_AUTOS = YES_AGGRESSIVE;
				GCC_WARN_UNUSED_FUNCTION = YES;
				GCC_WARN_UNUSED_VARIABLE = YES;
				IPHONEOS_DEPLOYMENT_TARGET = 13.4;
				MTL_ENABLE_DEBUG_INFO = NO;
				MTL_FAST_MATH = YES;
				SDKROOT = iphoneos;
				SWIFT_COMPILATION_MODE = wholemodule;
				SWIFT_OPTIMIZATION_LEVEL = "-O";
				VALIDATE_PRODUCT = YES;
			};
			name = Release;
		};
		AF727C342BF6E38C00CEF17B /* Debug */ = {
			isa = XCBuildConfiguration;
			buildSettings = {
				ASSETCATALOG_COMPILER_APPICON_NAME = AppIcon;
				CODE_SIGN_STYLE = Automatic;
				INFOPLIST_FILE = 8lab_task2.4_KlimkoEugene/Info.plist;
				LD_RUNPATH_SEARCH_PATHS = (
					"$(inherited)",
					"@executable_path/Frameworks",
				);
				PRODUCT_BUNDLE_IDENTIFIER = "TPMP2024.-lab-task2-4-KlimkoEugene";
				PRODUCT_NAME = "$(TARGET_NAME)";
				SWIFT_VERSION = 5.0;
				TARGETED_DEVICE_FAMILY = "1,2";
			};
			name = Debug;
		};
		AF727C352BF6E38C00CEF17B /* Release */ = {
			isa = XCBuildConfiguration;
			buildSettings = {
				ASSETCATALOG_COMPILER_APPICON_NAME = AppIcon;
				CODE_SIGN_STYLE = Automatic;
				INFOPLIST_FILE = 8lab_task2.4_KlimkoEugene/Info.plist;
				LD_RUNPATH_SEARCH_PATHS = (
					"$(inherited)",
					"@executable_path/Frameworks",
				);
				PRODUCT_BUNDLE_IDENTIFIER = "TPMP2024.-lab-task2-4-KlimkoEugene";
				PRODUCT_NAME = "$(TARGET_NAME)";
				SWIFT_VERSION = 5.0;
				TARGETED_DEVICE_FAMILY = "1,2";
			};
			name = Release;
		};
/* End XCBuildConfiguration section */

/* Begin XCConfigurationList section */
		AF727C1A2BF6E38A00CEF17B /* Build configuration list for PBXProject "8lab_task2.4_KlimkoEugene" */ = {
			isa = XCConfigurationList;
			buildConfigurations = (
				AF727C312BF6E38C00CEF17B /* Debug */,
				AF727C322BF6E38C00CEF17B /* Release */,
			);
			defaultConfigurationIsVisible = 0;
			defaultConfigurationName = Release;
		};
		AF727C332BF6E38C00CEF17B /* Build configuration list for PBXNativeTarget "8lab_task2.4_KlimkoEugene" */ = {
			isa = XCConfigurationList;
			buildConfigurations = (
				AF727C342BF6E38C00CEF17B /* Debug */,
				AF727C352BF6E38C00CEF17B /* Release */,
			);
			defaultConfigurationIsVisible = 0;
			defaultConfigurationName = Release;
		};
/* End XCConfigurationList section */
	};
	rootObject = AF727C172BF6E38A00CEF17B /* Project object */;
}
