// !$*UTF8*$!
{
	archiveVersion = 1;
	classes = {
	};
	objectVersion = 50;
	objects = {

/* Begin PBXBuildFile section */
		AF8264052BF6DD92006947B7 /* AppDelegate.swift in Sources */ = {isa = PBXBuildFile; fileRef = AF8264042BF6DD92006947B7 /* AppDelegate.swift */; };
		AF8264072BF6DD92006947B7 /* SceneDelegate.swift in Sources */ = {isa = PBXBuildFile; fileRef = AF8264062BF6DD92006947B7 /* SceneDelegate.swift */; };
		AF8264092BF6DD92006947B7 /* ViewController.swift in Sources */ = {isa = PBXBuildFile; fileRef = AF8264082BF6DD92006947B7 /* ViewController.swift */; };
		AF82640C2BF6DD92006947B7 /* Main.storyboard in Resources */ = {isa = PBXBuildFile; fileRef = AF82640A2BF6DD92006947B7 /* Main.storyboard */; };
		AF82640E2BF6DD93006947B7 /* Assets.xcassets in Resources */ = {isa = PBXBuildFile; fileRef = AF82640D2BF6DD93006947B7 /* Assets.xcassets */; };
		AF8264112BF6DD93006947B7 /* LaunchScreen.storyboard in Resources */ = {isa = PBXBuildFile; fileRef = AF82640F2BF6DD93006947B7 /* LaunchScreen.storyboard */; };
/* End PBXBuildFile section */

/* Begin PBXFileReference section */
		AF8264012BF6DD92006947B7 /* 8lab_task2.2_KlimkoEugene.app */ = {isa = PBXFileReference; explicitFileType = wrapper.application; includeInIndex = 0; path = 8lab_task2.2_KlimkoEugene.app; sourceTree = BUILT_PRODUCTS_DIR; };
		AF8264042BF6DD92006947B7 /* AppDelegate.swift */ = {isa = PBXFileReference; lastKnownFileType = sourcecode.swift; path = AppDelegate.swift; sourceTree = "<group>"; };
		AF8264062BF6DD92006947B7 /* SceneDelegate.swift */ = {isa = PBXFileReference; lastKnownFileType = sourcecode.swift; path = SceneDelegate.swift; sourceTree = "<group>"; };
		AF8264082BF6DD92006947B7 /* ViewController.swift */ = {isa = PBXFileReference; lastKnownFileType = sourcecode.swift; name = ViewController.swift; path = 8lab_task2.2_KlimkoEugene/ViewController.swift; sourceTree = SOURCE_ROOT; };
		AF82640B2BF6DD92006947B7 /* Base */ = {isa = PBXFileReference; lastKnownFileType = file.storyboard; name = Base; path = Base.lproj/Main.storyboard; sourceTree = "<group>"; };
		AF82640D2BF6DD93006947B7 /* Assets.xcassets */ = {isa = PBXFileReference; lastKnownFileType = folder.assetcatalog; path = Assets.xcassets; sourceTree = "<group>"; };
		AF8264102BF6DD93006947B7 /* Base */ = {isa = PBXFileReference; lastKnownFileType = file.storyboard; name = Base; path = Base.lproj/LaunchScreen.storyboard; sourceTree = "<group>"; };
		AF8264122BF6DD93006947B7 /* Info.plist */ = {isa = PBXFileReference; lastKnownFileType = text.plist.xml; path = Info.plist; sourceTree = "<group>"; };
/* End PBXFileReference section */

/* Begin PBXFrameworksBuildPhase section */
		AF8263FE2BF6DD92006947B7 /* Frameworks */ = {
			isa = PBXFrameworksBuildPhase;
			buildActionMask = 2147483647;
			files = (
			);
			runOnlyForDeploymentPostprocessing = 0;
		};
/* End PBXFrameworksBuildPhase section */

/* Begin PBXGroup section */
		AF8263F82BF6DD91006947B7 = {
			isa = PBXGroup;
			children = (
				AF8264032BF6DD92006947B7 /* 8lab_task2.2_KlimkoEugene */,
				AF8264022BF6DD92006947B7 /* Products */,
			);
			sourceTree = "<group>";
		};
		AF8264022BF6DD92006947B7 /* Products */ = {
			isa = PBXGroup;
			children = (
				AF8264012BF6DD92006947B7 /* 8lab_task2.2_KlimkoEugene.app */,
			);
			name = Products;
			sourceTree = "<group>";
		};
		AF8264032BF6DD92006947B7 /* 8lab_task2.2_KlimkoEugene */ = {
			isa = PBXGroup;
			children = (
				AF82641A2BF6DDA9006947B7 /* Controller */,
				AF8264192BF6DDA4006947B7 /* View */,
				AF8264182BF6DD9D006947B7 /* Model */,
				AF82640D2BF6DD93006947B7 /* Assets.xcassets */,
				AF82640F2BF6DD93006947B7 /* LaunchScreen.storyboard */,
				AF8264062BF6DD92006947B7 /* SceneDelegate.swift */,
				AF8264082BF6DD92006947B7 /* ViewController.swift */,
				AF8264042BF6DD92006947B7 /* AppDelegate.swift */,
				AF82640A2BF6DD92006947B7 /* Main.storyboard */,
				AF8264122BF6DD93006947B7 /* Info.plist */,
			);
			path = 8lab_task2.2_KlimkoEugene;
			sourceTree = "<group>";
		};
		AF8264182BF6DD9D006947B7 /* Model */ = {
			isa = PBXGroup;
			children = (
			);
			path = Model;
			sourceTree = "<group>";
		};
		AF8264192BF6DDA4006947B7 /* View */ = {
			isa = PBXGroup;
			children = (
			);
			path = View;
			sourceTree = "<group>";
		};
		AF82641A2BF6DDA9006947B7 /* Controller */ = {
			isa = PBXGroup;
			children = (
			);
			path = Controller;
			sourceTree = "<group>";
		};
/* End PBXGroup section */

/* Begin PBXNativeTarget section */
		AF8264002BF6DD92006947B7 /* 8lab_task2.2_KlimkoEugene */ = {
			isa = PBXNativeTarget;
			buildConfigurationList = AF8264152BF6DD93006947B7 /* Build configuration list for PBXNativeTarget "8lab_task2.2_KlimkoEugene" */;
			buildPhases = (
				AF8263FD2BF6DD92006947B7 /* Sources */,
				AF8263FE2BF6DD92006947B7 /* Frameworks */,
				AF8263FF2BF6DD92006947B7 /* Resources */,
			);
			buildRules = (
			);
			dependencies = (
			);
			name = 8lab_task2.2_KlimkoEugene;
			productName = 8lab_task2.2_KlimkoEugene;
			productReference = AF8264012BF6DD92006947B7 /* 8lab_task2.2_KlimkoEugene.app */;
			productType = "com.apple.product-type.application";
		};
/* End PBXNativeTarget section */

/* Begin PBXProject section */
		AF8263F92BF6DD91006947B7 /* Project object */ = {
			isa = PBXProject;
			attributes = {
				LastSwiftUpdateCheck = 1140;
				LastUpgradeCheck = 1140;
				ORGANIZATIONNAME = MacOSExi;
				TargetAttributes = {
					AF8264002BF6DD92006947B7 = {
						CreatedOnToolsVersion = 11.4.1;
					};
				};
			};
			buildConfigurationList = AF8263FC2BF6DD92006947B7 /* Build configuration list for PBXProject "8lab_task2.2_KlimkoEugene" */;
			compatibilityVersion = "Xcode 9.3";
			developmentRegion = en;
			hasScannedForEncodings = 0;
			knownRegions = (
				en,
				Base,
			);
			mainGroup = AF8263F82BF6DD91006947B7;
			productRefGroup = AF8264022BF6DD92006947B7 /* Products */;
			projectDirPath = "";
			projectRoot = "";
			targets = (
				AF8264002BF6DD92006947B7 /* 8lab_task2.2_KlimkoEugene */,
			);
		};
/* End PBXProject section */

/* Begin PBXResourcesBuildPhase section */
		AF8263FF2BF6DD92006947B7 /* Resources */ = {
			isa = PBXResourcesBuildPhase;
			buildActionMask = 2147483647;
			files = (
				AF8264112BF6DD93006947B7 /* LaunchScreen.storyboard in Resources */,
				AF82640E2BF6DD93006947B7 /* Assets.xcassets in Resources */,
				AF82640C2BF6DD92006947B7 /* Main.storyboard in Resources */,
			);
			runOnlyForDeploymentPostprocessing = 0;
		};
/* End PBXResourcesBuildPhase section */

/* Begin PBXSourcesBuildPhase section */
		AF8263FD2BF6DD92006947B7 /* Sources */ = {
			isa = PBXSourcesBuildPhase;
			buildActionMask = 2147483647;
			files = (
				AF8264092BF6DD92006947B7 /* ViewController.swift in Sources */,
				AF8264052BF6DD92006947B7 /* AppDelegate.swift in Sources */,
				AF8264072BF6DD92006947B7 /* SceneDelegate.swift in Sources */,
			);
			runOnlyForDeploymentPostprocessing = 0;
		};
/* End PBXSourcesBuildPhase section */

/* Begin PBXVariantGroup section */
		AF82640A2BF6DD92006947B7 /* Main.storyboard */ = {
			isa = PBXVariantGroup;
			children = (
				AF82640B2BF6DD92006947B7 /* Base */,
			);
			name = Main.storyboard;
			sourceTree = "<group>";
		};
		AF82640F2BF6DD93006947B7 /* LaunchScreen.storyboard */ = {
			isa = PBXVariantGroup;
			children = (
				AF8264102BF6DD93006947B7 /* Base */,
			);
			name = LaunchScreen.storyboard;
			sourceTree = "<group>";
		};
/* End PBXVariantGroup section */

/* Begin XCBuildConfiguration section */
		AF8264132BF6DD93006947B7 /* Debug */ = {
			isa = XCBuildConfiguration;
			buildSettings = {
				ALWAYS_SEARCH_USER_PATHS = NO;
				CLANG_ANALYZER_NONNULL = YES;
				CLANG_ANALYZER_NUMBER_OBJECT_CONVERSION = YES_AGGRESSIVE;
				CLANG_CXX_LANGUAGE_STANDARD = "gnu++14";
				CLANG_CXX_LIBRARY = "libc++";
				CLANG_ENABLE_MODULES = YES;
				CLANG_ENABLE_OBJC_ARC = YES;
				CLANG_ENABLE_OBJC_WEAK = YES;
				CLANG_WARN_BLOCK_CAPTURE_AUTORELEASING = YES;
				CLANG_WARN_BOOL_CONVERSION = YES;
				CLANG_WARN_COMMA = YES;
				CLANG_WARN_CONSTANT_CONVERSION = YES;
				CLANG_WARN_DEPRECATED_OBJC_IMPLEMENTATIONS = YES;
				CLANG_WARN_DIRECT_OBJC_ISA_USAGE = YES_ERROR;
				CLANG_WARN_DOCUMENTATION_COMMENTS = YES;
				CLANG_WARN_EMPTY_BODY = YES;
				CLANG_WARN_ENUM_CONVERSION = YES;
				CLANG_WARN_INFINITE_RECURSION = YES;
				CLANG_WARN_INT_CONVERSION = YES;
				CLANG_WARN_NON_LITERAL_NULL_CONVERSION = YES;
				CLANG_WARN_OBJC_IMPLICIT_RETAIN_SELF = YES;
				CLANG_WARN_OBJC_LITERAL_CONVERSION = YES;
				CLANG_WARN_OBJC_ROOT_CLASS = YES_ERROR;
				CLANG_WARN_RANGE_LOOP_ANALYSIS = YES;
				CLANG_WARN_STRICT_PROTOTYPES = YES;
				CLANG_WARN_SUSPICIOUS_MOVE = YES;
				CLANG_WARN_UNGUARDED_AVAILABILITY = YES_AGGRESSIVE;
				CLANG_WARN_UNREACHABLE_CODE = YES;
				CLANG_WARN__DUPLICATE_METHOD_MATCH = YES;
				COPY_PHASE_STRIP = NO;
				DEBUG_INFORMATION_FORMAT = dwarf;
				ENABLE_STRICT_OBJC_MSGSEND = YES;
				ENABLE_TESTABILITY = YES;
				GCC_C_LANGUAGE_STANDARD = gnu11;
				GCC_DYNAMIC_NO_PIC = NO;
				GCC_NO_COMMON_BLOCKS = YES;
				GCC_OPTIMIZATION_LEVEL = 0;
				GCC_PREPROCESSOR_DEFINITIONS = (
					"DEBUG=1",
					"$(inherited)",
				);
				GCC_WARN_64_TO_32_BIT_CONVERSION = YES;
				GCC_WARN_ABOUT_RETURN_TYPE = YES_ERROR;
				GCC_WARN_UNDECLARED_SELECTOR = YES;
				GCC_WARN_UNINITIALIZED_AUTOS = YES_AGGRESSIVE;
				GCC_WARN_UNUSED_FUNCTION = YES;
				GCC_WARN_UNUSED_VARIABLE = YES;
				IPHONEOS_DEPLOYMENT_TARGET = 13.4;
				MTL_ENABLE_DEBUG_INFO = INCLUDE_SOURCE;
				MTL_FAST_MATH = YES;
				ONLY_ACTIVE_ARCH = YES;
				SDKROOT = iphoneos;
				SWIFT_ACTIVE_COMPILATION_CONDITIONS = DEBUG;
				SWIFT_OPTIMIZATION_LEVEL = "-Onone";
			};
			name = Debug;
		};
		AF8264142BF6DD93006947B7 /* Release */ = {
			isa = XCBuildConfiguration;
			buildSettings = {
				ALWAYS_SEARCH_USER_PATHS = NO;
				CLANG_ANALYZER_NONNULL = YES;
				CLANG_ANALYZER_NUMBER_OBJECT_CONVERSION = YES_AGGRESSIVE;
				CLANG_CXX_LANGUAGE_STANDARD = "gnu++14";
				CLANG_CXX_LIBRARY = "libc++";
				CLANG_ENABLE_MODULES = YES;
				CLANG_ENABLE_OBJC_ARC = YES;
				CLANG_ENABLE_OBJC_WEAK = YES;
				CLANG_WARN_BLOCK_CAPTURE_AUTORELEASING = YES;
				CLANG_WARN_BOOL_CONVERSION = YES;
				CLANG_WARN_COMMA = YES;
				CLANG_WARN_CONSTANT_CONVERSION = YES;
				CLANG_WARN_DEPRECATED_OBJC_IMPLEMENTATIONS = YES;
				CLANG_WARN_DIRECT_OBJC_ISA_USAGE = YES_ERROR;
				CLANG_WARN_DOCUMENTATION_COMMENTS = YES;
				CLANG_WARN_EMPTY_BODY = YES;
				CLANG_WARN_ENUM_CONVERSION = YES;
				CLANG_WARN_INFINITE_RECURSION = YES;
				CLANG_WARN_INT_CONVERSION = YES;
				CLANG_WARN_NON_LITERAL_NULL_CONVERSION = YES;
				CLANG_WARN_OBJC_IMPLICIT_RETAIN_SELF = YES;
				CLANG_WARN_OBJC_LITERAL_CONVERSION = YES;
				CLANG_WARN_OBJC_ROOT_CLASS = YES_ERROR;
				CLANG_WARN_RANGE_LOOP_ANALYSIS = YES;
				CLANG_WARN_STRICT_PROTOTYPES = YES;
				CLANG_WARN_SUSPICIOUS_MOVE = YES;
				CLANG_WARN_UNGUARDED_AVAILABILITY = YES_AGGRESSIVE;
				CLANG_WARN_UNREACHABLE_CODE = YES;
				CLANG_WARN__DUPLICATE_METHOD_MATCH = YES;
				COPY_PHASE_STRIP = NO;
				DEBUG_INFORMATION_FORMAT = "dwarf-with-dsym";
				ENABLE_NS_ASSERTIONS = NO;
				ENABLE_STRICT_OBJC_MSGSEND = YES;
				GCC_C_LANGUAGE_STANDARD = gnu11;
				GCC_NO_COMMON_BLOCKS = YES;
				GCC_WARN_64_TO_32_BIT_CONVERSION = YES;
				GCC_WARN_ABOUT_RETURN_TYPE = YES_ERROR;
				GCC_WARN_UNDECLARED_SELECTOR = YES;
				GCC_WARN_UNINITIALIZED_AUTOS = YES_AGGRESSIVE;
				GCC_WARN_UNUSED_FUNCTION = YES;
				GCC_WARN_UNUSED_VARIABLE = YES;
				IPHONEOS_DEPLOYMENT_TARGET = 13.4;
				MTL_ENABLE_DEBUG_INFO = NO;
				MTL_FAST_MATH = YES;
				SDKROOT = iphoneos;
				SWIFT_COMPILATION_MODE = wholemodule;
				SWIFT_OPTIMIZATION_LEVEL = "-O";
				VALIDATE_PRODUCT = YES;
			};
			name = Release;
		};
		AF8264162BF6DD93006947B7 /* Debug */ = {
			isa = XCBuildConfiguration;
			buildSettings = {
				ASSETCATALOG_COMPILER_APPICON_NAME = AppIcon;
				CODE_SIGN_STYLE = Automatic;
				INFOPLIST_FILE = 8lab_task2.2_KlimkoEugene/Info.plist;
				LD_RUNPATH_SEARCH_PATHS = (
					"$(inherited)",
					"@executable_path/Frameworks",
				);
				PRODUCT_BUNDLE_IDENTIFIER = "TPMP2024.-lab-task2-2-KlimkoEugene";
				PRODUCT_NAME = "$(TARGET_NAME)";
				SWIFT_VERSION = 5.0;
				TARGETED_DEVICE_FAMILY = "1,2";
			};
			name = Debug;
		};
		AF8264172BF6DD93006947B7 /* Release */ = {
			isa = XCBuildConfiguration;
			buildSettings = {
				ASSETCATALOG_COMPILER_APPICON_NAME = AppIcon;
				CODE_SIGN_STYLE = Automatic;
				INFOPLIST_FILE = 8lab_task2.2_KlimkoEugene/Info.plist;
				LD_RUNPATH_SEARCH_PATHS = (
					"$(inherited)",
					"@executable_path/Frameworks",
				);
				PRODUCT_BUNDLE_IDENTIFIER = "TPMP2024.-lab-task2-2-KlimkoEugene";
				PRODUCT_NAME = "$(TARGET_NAME)";
				SWIFT_VERSION = 5.0;
				TARGETED_DEVICE_FAMILY = "1,2";
			};
			name = Release;
		};
/* End XCBuildConfiguration section */

/* Begin XCConfigurationList section */
		AF8263FC2BF6DD92006947B7 /* Build configuration list for PBXProject "8lab_task2.2_KlimkoEugene" */ = {
			isa = XCConfigurationList;
			buildConfigurations = (
				AF8264132BF6DD93006947B7 /* Debug */,
				AF8264142BF6DD93006947B7 /* Release */,
			);
			defaultConfigurationIsVisible = 0;
			defaultConfigurationName = Release;
		};
		AF8264152BF6DD93006947B7 /* Build configuration list for PBXNativeTarget "8lab_task2.2_KlimkoEugene" */ = {
			isa = XCConfigurationList;
			buildConfigurations = (
				AF8264162BF6DD93006947B7 /* Debug */,
				AF8264172BF6DD93006947B7 /* Release */,
			);
			defaultConfigurationIsVisible = 0;
			defaultConfigurationName = Release;
		};
/* End XCConfigurationList section */
	};
	rootObject = AF8263F92BF6DD91006947B7 /* Project object */;
}
