// !$*UTF8*$!
{
	archiveVersion = 1;
	classes = {
	};
	objectVersion = 50;
	objects = {

/* Begin PBXBuildFile section */
		AF7A19152BF8454D000A67DB /* AppDelegate.swift in Sources */ = {isa = PBXBuildFile; fileRef = AF7A19142BF8454D000A67DB /* AppDelegate.swift */; };
		AF7A19172BF8454D000A67DB /* SceneDelegate.swift in Sources */ = {isa = PBXBuildFile; fileRef = AF7A19162BF8454D000A67DB /* SceneDelegate.swift */; };
		AF7A19192BF8454D000A67DB /* ViewController.swift in Sources */ = {isa = PBXBuildFile; fileRef = AF7A19182BF8454D000A67DB /* ViewController.swift */; };
		AF7A191C2BF8454D000A67DB /* Main.storyboard in Resources */ = {isa = PBXBuildFile; fileRef = AF7A191A2BF8454D000A67DB /* Main.storyboard */; };
		AF7A191E2BF8454F000A67DB /* Assets.xcassets in Resources */ = {isa = PBXBuildFile; fileRef = AF7A191D2BF8454F000A67DB /* Assets.xcassets */; };
		AF7A19212BF8454F000A67DB /* LaunchScreen.storyboard in Resources */ = {isa = PBXBuildFile; fileRef = AF7A191F2BF8454F000A67DB /* LaunchScreen.storyboard */; };
/* End PBXBuildFile section */

/* Begin PBXFileReference section */
		AF7A19112BF8454D000A67DB /* 9lab_task2.2_KlimkoEugene.app */ = {isa = PBXFileReference; explicitFileType = wrapper.application; includeInIndex = 0; path = 9lab_task2.2_KlimkoEugene.app; sourceTree = BUILT_PRODUCTS_DIR; };
		AF7A19142BF8454D000A67DB /* AppDelegate.swift */ = {isa = PBXFileReference; lastKnownFileType = sourcecode.swift; path = AppDelegate.swift; sourceTree = "<group>"; };
		AF7A19162BF8454D000A67DB /* SceneDelegate.swift */ = {isa = PBXFileReference; lastKnownFileType = sourcecode.swift; path = SceneDelegate.swift; sourceTree = "<group>"; };
		AF7A19182BF8454D000A67DB /* ViewController.swift */ = {isa = PBXFileReference; lastKnownFileType = sourcecode.swift; path = ViewController.swift; sourceTree = "<group>"; };
		AF7A191B2BF8454D000A67DB /* Base */ = {isa = PBXFileReference; lastKnownFileType = file.storyboard; name = Base; path = Base.lproj/Main.storyboard; sourceTree = "<group>"; };
		AF7A191D2BF8454F000A67DB /* Assets.xcassets */ = {isa = PBXFileReference; lastKnownFileType = folder.assetcatalog; path = Assets.xcassets; sourceTree = "<group>"; };
		AF7A19202BF8454F000A67DB /* Base */ = {isa = PBXFileReference; lastKnownFileType = file.storyboard; name = Base; path = Base.lproj/LaunchScreen.storyboard; sourceTree = "<group>"; };
		AF7A19222BF8454F000A67DB /* Info.plist */ = {isa = PBXFileReference; lastKnownFileType = text.plist.xml; path = Info.plist; sourceTree = "<group>"; };
/* End PBXFileReference section */

/* Begin PBXFrameworksBuildPhase section */
		AF7A190E2BF8454D000A67DB /* Frameworks */ = {
			isa = PBXFrameworksBuildPhase;
			buildActionMask = 2147483647;
			files = (
			);
			runOnlyForDeploymentPostprocessing = 0;
		};
/* End PBXFrameworksBuildPhase section */

/* Begin PBXGroup section */
		AF7A19082BF8454D000A67DB = {
			isa = PBXGroup;
			children = (
				AF7A19132BF8454D000A67DB /* 9lab_task2.2_KlimkoEugene */,
				AF7A19122BF8454D000A67DB /* Products */,
			);
			sourceTree = "<group>";
		};
		AF7A19122BF8454D000A67DB /* Products */ = {
			isa = PBXGroup;
			children = (
				AF7A19112BF8454D000A67DB /* 9lab_task2.2_KlimkoEugene.app */,
			);
			name = Products;
			sourceTree = "<group>";
		};
		AF7A19132BF8454D000A67DB /* 9lab_task2.2_KlimkoEugene */ = {
			isa = PBXGroup;
			children = (
				AF7A19142BF8454D000A67DB /* AppDelegate.swift */,
				AF7A19162BF8454D000A67DB /* SceneDelegate.swift */,
				AF7A19182BF8454D000A67DB /* ViewController.swift */,
				AF7A191A2BF8454D000A67DB /* Main.storyboard */,
				AF7A191D2BF8454F000A67DB /* Assets.xcassets */,
				AF7A191F2BF8454F000A67DB /* LaunchScreen.storyboard */,
				AF7A19222BF8454F000A67DB /* Info.plist */,
			);
			path = 9lab_task2.2_KlimkoEugene;
			sourceTree = "<group>";
		};
/* End PBXGroup section */

/* Begin PBXNativeTarget section */
		AF7A19102BF8454D000A67DB /* 9lab_task2.2_KlimkoEugene */ = {
			isa = PBXNativeTarget;
			buildConfigurationList = AF7A19252BF8454F000A67DB /* Build configuration list for PBXNativeTarget "9lab_task2.2_KlimkoEugene" */;
			buildPhases = (
				AF7A190D2BF8454D000A67DB /* Sources */,
				AF7A190E2BF8454D000A67DB /* Frameworks */,
				AF7A190F2BF8454D000A67DB /* Resources */,
			);
			buildRules = (
			);
			dependencies = (
			);
			name = 9lab_task2.2_KlimkoEugene;
			productName = 9lab_task2.2_KlimkoEugene;
			productReference = AF7A19112BF8454D000A67DB /* 9lab_task2.2_KlimkoEugene.app */;
			productType = "com.apple.product-type.application";
		};
/* End PBXNativeTarget section */

/* Begin PBXProject section */
		AF7A19092BF8454D000A67DB /* Project object */ = {
			isa = PBXProject;
			attributes = {
				LastSwiftUpdateCheck = 1140;
				LastUpgradeCheck = 1140;
				ORGANIZATIONNAME = MacOSExi;
				TargetAttributes = {
					AF7A19102BF8454D000A67DB = {
						CreatedOnToolsVersion = 11.4.1;
					};
				};
			};
			buildConfigurationList = AF7A190C2BF8454D000A67DB /* Build configuration list for PBXProject "9lab_task2.2_KlimkoEugene" */;
			compatibilityVersion = "Xcode 9.3";
			developmentRegion = en;
			hasScannedForEncodings = 0;
			knownRegions = (
				en,
				Base,
			);
			mainGroup = AF7A19082BF8454D000A67DB;
			productRefGroup = AF7A19122BF8454D000A67DB /* Products */;
			projectDirPath = "";
			projectRoot = "";
			targets = (
				AF7A19102BF8454D000A67DB /* 9lab_task2.2_KlimkoEugene */,
			);
		};
/* End PBXProject section */

/* Begin PBXResourcesBuildPhase section */
		AF7A190F2BF8454D000A67DB /* Resources */ = {
			isa = PBXResourcesBuildPhase;
			buildActionMask = 2147483647;
			files = (
				AF7A19212BF8454F000A67DB /* LaunchScreen.storyboard in Resources */,
				AF7A191E2BF8454F000A67DB /* Assets.xcassets in Resources */,
				AF7A191C2BF8454D000A67DB /* Main.storyboard in Resources */,
			);
			runOnlyForDeploymentPostprocessing = 0;
		};
/* End PBXResourcesBuildPhase section */

/* Begin PBXSourcesBuildPhase section */
		AF7A190D2BF8454D000A67DB /* Sources */ = {
			isa = PBXSourcesBuildPhase;
			buildActionMask = 2147483647;
			files = (
				AF7A19192BF8454D000A67DB /* ViewController.swift in Sources */,
				AF7A19152BF8454D000A67DB /* AppDelegate.swift in Sources */,
				AF7A19172BF8454D000A67DB /* SceneDelegate.swift in Sources */,
			);
			runOnlyForDeploymentPostprocessing = 0;
		};
/* End PBXSourcesBuildPhase section */

/* Begin PBXVariantGroup section */
		AF7A191A2BF8454D000A67DB /* Main.storyboard */ = {
			isa = PBXVariantGroup;
			children = (
				AF7A191B2BF8454D000A67DB /* Base */,
			);
			name = Main.storyboard;
			sourceTree = "<group>";
		};
		AF7A191F2BF8454F000A67DB /* LaunchScreen.storyboard */ = {
			isa = PBXVariantGroup;
			children = (
				AF7A19202BF8454F000A67DB /* Base */,
			);
			name = LaunchScreen.storyboard;
			sourceTree = "<group>";
		};
/* End PBXVariantGroup section */

/* Begin XCBuildConfiguration section */
		AF7A19232BF8454F000A67DB /* Debug */ = {
			isa = XCBuildConfiguration;
			buildSettings = {
				ALWAYS_SEARCH_USER_PATHS = NO;
				CLANG_ANALYZER_NONNULL = YES;
				CLANG_ANALYZER_NUMBER_OBJECT_CONVERSION = YES_AGGRESSIVE;
				CLANG_CXX_LANGUAGE_STANDARD = "gnu++14";
				CLANG_CXX_LIBRARY = "libc++";
				CLANG_ENABLE_MODULES = YES;
				CLANG_ENABLE_OBJC_ARC = YES;
				CLANG_ENABLE_OBJC_WEAK = YES;
				CLANG_WARN_BLOCK_CAPTURE_AUTORELEASING = YES;
				CLANG_WARN_BOOL_CONVERSION = YES;
				CLANG_WARN_COMMA = YES;
				CLANG_WARN_CONSTANT_CONVERSION = YES;
				CLANG_WARN_DEPRECATED_OBJC_IMPLEMENTATIONS = YES;
				CLANG_WARN_DIRECT_OBJC_ISA_USAGE = YES_ERROR;
				CLANG_WARN_DOCUMENTATION_COMMENTS = YES;
				CLANG_WARN_EMPTY_BODY = YES;
				CLANG_WARN_ENUM_CONVERSION = YES;
				CLANG_WARN_INFINITE_RECURSION = YES;
				CLANG_WARN_INT_CONVERSION = YES;
				CLANG_WARN_NON_LITERAL_NULL_CONVERSION = YES;
				CLANG_WARN_OBJC_IMPLICIT_RETAIN_SELF = YES;
				CLANG_WARN_OBJC_LITERAL_CONVERSION = YES;
				CLANG_WARN_OBJC_ROOT_CLASS = YES_ERROR;
				CLANG_WARN_RANGE_LOOP_ANALYSIS = YES;
				CLANG_WARN_STRICT_PROTOTYPES = YES;
				CLANG_WARN_SUSPICIOUS_MOVE = YES;
				CLANG_WARN_UNGUARDED_AVAILABILITY = YES_AGGRESSIVE;
				CLANG_WARN_UNREACHABLE_CODE = YES;
				CLANG_WARN__DUPLICATE_METHOD_MATCH = YES;
				COPY_PHASE_STRIP = NO;
				DEBUG_INFORMATION_FORMAT = dwarf;
				ENABLE_STRICT_OBJC_MSGSEND = YES;
				ENABLE_TESTABILITY = YES;
				GCC_C_LANGUAGE_STANDARD = gnu11;
				GCC_DYNAMIC_NO_PIC = NO;
				GCC_NO_COMMON_BLOCKS = YES;
				GCC_OPTIMIZATION_LEVEL = 0;
				GCC_PREPROCESSOR_DEFINITIONS = (
					"DEBUG=1",
					"$(inherited)",
				);
				GCC_WARN_64_TO_32_BIT_CONVERSION = YES;
				GCC_WARN_ABOUT_RETURN_TYPE = YES_ERROR;
				GCC_WARN_UNDECLARED_SELECTOR = YES;
				GCC_WARN_UNINITIALIZED_AUTOS = YES_AGGRESSIVE;
				GCC_WARN_UNUSED_FUNCTION = YES;
				GCC_WARN_UNUSED_VARIABLE = YES;
				IPHONEOS_DEPLOYMENT_TARGET = 13.4;
				MTL_ENABLE_DEBUG_INFO = INCLUDE_SOURCE;
				MTL_FAST_MATH = YES;
				ONLY_ACTIVE_ARCH = YES;
				SDKROOT = iphoneos;
				SWIFT_ACTIVE_COMPILATION_CONDITIONS = DEBUG;
				SWIFT_OPTIMIZATION_LEVEL = "-Onone";
			};
			name = Debug;
		};
		AF7A19242BF8454F000A67DB /* Release */ = {
			isa = XCBuildConfiguration;
			buildSettings = {
				ALWAYS_SEARCH_USER_PATHS = NO;
				CLANG_ANALYZER_NONNULL = YES;
				CLANG_ANALYZER_NUMBER_OBJECT_CONVERSION = YES_AGGRESSIVE;
				CLANG_CXX_LANGUAGE_STANDARD = "gnu++14";
				CLANG_CXX_LIBRARY = "libc++";
				CLANG_ENABLE_MODULES = YES;
				CLANG_ENABLE_OBJC_ARC = YES;
				CLANG_ENABLE_OBJC_WEAK = YES;
				CLANG_WARN_BLOCK_CAPTURE_AUTORELEASING = YES;
				CLANG_WARN_BOOL_CONVERSION = YES;
				CLANG_WARN_COMMA = YES;
				CLANG_WARN_CONSTANT_CONVERSION = YES;
				CLANG_WARN_DEPRECATED_OBJC_IMPLEMENTATIONS = YES;
				CLANG_WARN_DIRECT_OBJC_ISA_USAGE = YES_ERROR;
				CLANG_WARN_DOCUMENTATION_COMMENTS = YES;
				CLANG_WARN_EMPTY_BODY = YES;
				CLANG_WARN_ENUM_CONVERSION = YES;
				CLANG_WARN_INFINITE_RECURSION = YES;
				CLANG_WARN_INT_CONVERSION = YES;
				CLANG_WARN_NON_LITERAL_NULL_CONVERSION = YES;
				CLANG_WARN_OBJC_IMPLICIT_RETAIN_SELF = YES;
				CLANG_WARN_OBJC_LITERAL_CONVERSION = YES;
				CLANG_WARN_OBJC_ROOT_CLASS = YES_ERROR;
				CLANG_WARN_RANGE_LOOP_ANALYSIS = YES;
				CLANG_WARN_STRICT_PROTOTYPES = YES;
				CLANG_WARN_SUSPICIOUS_MOVE = YES;
				CLANG_WARN_UNGUARDED_AVAILABILITY = YES_AGGRESSIVE;
				CLANG_WARN_UNREACHABLE_CODE = YES;
				CLANG_WARN__DUPLICATE_METHOD_MATCH = YES;
				COPY_PHASE_STRIP = NO;
				DEBUG_INFORMATION_FORMAT = "dwarf-with-dsym";
				ENABLE_NS_ASSERTIONS = NO;
				ENABLE_STRICT_OBJC_MSGSEND = YES;
				GCC_C_LANGUAGE_STANDARD = gnu11;
				GCC_NO_COMMON_BLOCKS = YES;
				GCC_WARN_64_TO_32_BIT_CONVERSION = YES;
				GCC_WARN_ABOUT_RETURN_TYPE = YES_ERROR;
				GCC_WARN_UNDECLARED_SELECTOR = YES;
				GCC_WARN_UNINITIALIZED_AUTOS = YES_AGGRESSIVE;
				GCC_WARN_UNUSED_FUNCTION = YES;
				GCC_WARN_UNUSED_VARIABLE = YES;
				IPHONEOS_DEPLOYMENT_TARGET = 13.4;
				MTL_ENABLE_DEBUG_INFO = NO;
				MTL_FAST_MATH = YES;
				SDKROOT = iphoneos;
				SWIFT_COMPILATION_MODE = wholemodule;
				SWIFT_OPTIMIZATION_LEVEL = "-O";
				VALIDATE_PRODUCT = YES;
			};
			name = Release;
		};
		AF7A19262BF8454F000A67DB /* Debug */ = {
			isa = XCBuildConfiguration;
			buildSettings = {
				ASSETCATALOG_COMPILER_APPICON_NAME = AppIcon;
				CODE_SIGN_STYLE = Automatic;
				INFOPLIST_FILE = 9lab_task2.2_KlimkoEugene/Info.plist;
				LD_RUNPATH_SEARCH_PATHS = (
					"$(inherited)",
					"@executable_path/Frameworks",
				);
				PRODUCT_BUNDLE_IDENTIFIER = "TPMP2024.-lab-task2-2-KlimkoEugene";
				PRODUCT_NAME = "$(TARGET_NAME)";
				SWIFT_VERSION = 5.0;
				TARGETED_DEVICE_FAMILY = "1,2";
			};
			name = Debug;
		};
		AF7A19272BF8454F000A67DB /* Release */ = {
			isa = XCBuildConfiguration;
			buildSettings = {
				ASSETCATALOG_COMPILER_APPICON_NAME = AppIcon;
				CODE_SIGN_STYLE = Automatic;
				INFOPLIST_FILE = 9lab_task2.2_KlimkoEugene/Info.plist;
				LD_RUNPATH_SEARCH_PATHS = (
					"$(inherited)",
					"@executable_path/Frameworks",
				);
				PRODUCT_BUNDLE_IDENTIFIER = "TPMP2024.-lab-task2-2-KlimkoEugene";
				PRODUCT_NAME = "$(TARGET_NAME)";
				SWIFT_VERSION = 5.0;
				TARGETED_DEVICE_FAMILY = "1,2";
			};
			name = Release;
		};
/* End XCBuildConfiguration section */

/* Begin XCConfigurationList section */
		AF7A190C2BF8454D000A67DB /* Build configuration list for PBXProject "9lab_task2.2_KlimkoEugene" */ = {
			isa = XCConfigurationList;
			buildConfigurations = (
				AF7A19232BF8454F000A67DB /* Debug */,
				AF7A19242BF8454F000A67DB /* Release */,
			);
			defaultConfigurationIsVisible = 0;
			defaultConfigurationName = Release;
		};
		AF7A19252BF8454F000A67DB /* Build configuration list for PBXNativeTarget "9lab_task2.2_KlimkoEugene" */ = {
			isa = XCConfigurationList;
			buildConfigurations = (
				AF7A19262BF8454F000A67DB /* Debug */,
				AF7A19272BF8454F000A67DB /* Release */,
			);
			defaultConfigurationIsVisible = 0;
			defaultConfigurationName = Release;
		};
/* End XCConfigurationList section */
	};
	rootObject = AF7A19092BF8454D000A67DB /* Project object */;
}
