// !$*UTF8*$!
{
	archiveVersion = 1;
	classes = {
	};
	objectVersion = 50;
	objects = {

/* Begin PBXBuildFile section */
		AF2542932BF8350500AF6656 /* Main.storyboard in Resources */ = {isa = PBXBuildFile; fileRef = AF2542922BF8350500AF6656 /* Main.storyboard */; };
		AF2542952BF8383F00AF6656 /* Localizable.strings in Resources */ = {isa = PBXBuildFile; fileRef = AF2542942BF8383F00AF6656 /* Localizable.strings */; };
		AF2542972BF8394400AF6656 /* Localizable.strings(r).strings in Resources */ = {isa = PBXBuildFile; fileRef = AF2542962BF8394400AF6656 /* Localizable.strings(r).strings */; };
		AF2542992BF839F500AF6656 /* Localizable.strings(f).strings in Resources */ = {isa = PBXBuildFile; fileRef = AF2542982BF839F500AF6656 /* Localizable.strings(f).strings */; };
		AF99B8F72BF82F6800002F19 /* AppDelegate.swift in Sources */ = {isa = PBXBuildFile; fileRef = AF99B8F62BF82F6800002F19 /* AppDelegate.swift */; };
		AF99B8F92BF82F6800002F19 /* SceneDelegate.swift in Sources */ = {isa = PBXBuildFile; fileRef = AF99B8F82BF82F6800002F19 /* SceneDelegate.swift */; };
		AF99B8FB2BF82F6800002F19 /* ViewController.swift in Sources */ = {isa = PBXBuildFile; fileRef = AF99B8FA2BF82F6800002F19 /* ViewController.swift */; };
		AF99B8FE2BF82F6800002F19 /* Main.storyboard in Resources */ = {isa = PBXBuildFile; fileRef = AF99B8FC2BF82F6800002F19 /* Main.storyboard */; };
		AF99B9002BF82F6A00002F19 /* Assets.xcassets in Resources */ = {isa = PBXBuildFile; fileRef = AF99B8FF2BF82F6A00002F19 /* Assets.xcassets */; };
		AF99B9032BF82F6A00002F19 /* LaunchScreen.storyboard in Resources */ = {isa = PBXBuildFile; fileRef = AF99B9012BF82F6A00002F19 /* LaunchScreen.storyboard */; };
		AF99B90C2BF8311500002F19 /* Model.xcdatamodeld in Sources */ = {isa = PBXBuildFile; fileRef = AF99B90A2BF8311400002F19 /* Model.xcdatamodeld */; };
		AF99B90E2BF8320E00002F19 /* StudentTableViewCell.swift in Sources */ = {isa = PBXBuildFile; fileRef = AF99B90D2BF8320E00002F19 /* StudentTableViewCell.swift */; };
/* End PBXBuildFile section */

/* Begin PBXFileReference section */
		AF2542922BF8350500AF6656 /* Main.storyboard */ = {isa = PBXFileReference; fileEncoding = 4; lastKnownFileType = file.storyboard; path = Main.storyboard; sourceTree = "<group>"; };
		AF2542942BF8383F00AF6656 /* Localizable.strings */ = {isa = PBXFileReference; lastKnownFileType = text.plist.strings; path = Localizable.strings; sourceTree = "<group>"; };
		AF2542962BF8394400AF6656 /* Localizable.strings(r).strings */ = {isa = PBXFileReference; lastKnownFileType = text.plist.strings; path = "Localizable.strings(r).strings"; sourceTree = "<group>"; };
		AF2542982BF839F500AF6656 /* Localizable.strings(f).strings */ = {isa = PBXFileReference; lastKnownFileType = text.plist.strings; path = "Localizable.strings(f).strings"; sourceTree = "<group>"; };
		AF99B8F32BF82F6800002F19 /* 9lab_task2.1_KlimkoEugene.app */ = {isa = PBXFileReference; explicitFileType = wrapper.application; includeInIndex = 0; path = 9lab_task2.1_KlimkoEugene.app; sourceTree = BUILT_PRODUCTS_DIR; };
		AF99B8F62BF82F6800002F19 /* AppDelegate.swift */ = {isa = PBXFileReference; lastKnownFileType = sourcecode.swift; path = AppDelegate.swift; sourceTree = "<group>"; };
		AF99B8F82BF82F6800002F19 /* SceneDelegate.swift */ = {isa = PBXFileReference; lastKnownFileType = sourcecode.swift; path = SceneDelegate.swift; sourceTree = "<group>"; };
		AF99B8FA2BF82F6800002F19 /* ViewController.swift */ = {isa = PBXFileReference; lastKnownFileType = sourcecode.swift; path = ViewController.swift; sourceTree = "<group>"; };
		AF99B8FD2BF82F6800002F19 /* Base */ = {isa = PBXFileReference; lastKnownFileType = file.storyboard; name = Base; path = Base.lproj/Main.storyboard; sourceTree = "<group>"; };
		AF99B8FF2BF82F6A00002F19 /* Assets.xcassets */ = {isa = PBXFileReference; lastKnownFileType = folder.assetcatalog; path = Assets.xcassets; sourceTree = "<group>"; };
		AF99B9022BF82F6A00002F19 /* Base */ = {isa = PBXFileReference; lastKnownFileType = file.storyboard; name = Base; path = Base.lproj/LaunchScreen.storyboard; sourceTree = "<group>"; };
		AF99B9042BF82F6A00002F19 /* Info.plist */ = {isa = PBXFileReference; lastKnownFileType = text.plist.xml; path = Info.plist; sourceTree = "<group>"; };
		AF99B90B2BF8311400002F19 /* Model.xcdatamodel */ = {isa = PBXFileReference; lastKnownFileType = wrapper.xcdatamodel; path = Model.xcdatamodel; sourceTree = "<group>"; };
		AF99B90D2BF8320E00002F19 /* StudentTableViewCell.swift */ = {isa = PBXFileReference; lastKnownFileType = sourcecode.swift; path = StudentTableViewCell.swift; sourceTree = "<group>"; };
/* End PBXFileReference section */

/* Begin PBXFrameworksBuildPhase section */
		AF99B8F02BF82F6800002F19 /* Frameworks */ = {
			isa = PBXFrameworksBuildPhase;
			buildActionMask = 2147483647;
			files = (
			);
			runOnlyForDeploymentPostprocessing = 0;
		};
/* End PBXFrameworksBuildPhase section */

/* Begin PBXGroup section */
		AF99B8EA2BF82F6800002F19 = {
			isa = PBXGroup;
			children = (
				AF2542922BF8350500AF6656 /* Main.storyboard */,
				AF99B8F52BF82F6800002F19 /* 9lab_task2.1_KlimkoEugene */,
				AF99B8F42BF82F6800002F19 /* Products */,
			);
			sourceTree = "<group>";
		};
		AF99B8F42BF82F6800002F19 /* Products */ = {
			isa = PBXGroup;
			children = (
				AF99B8F32BF82F6800002F19 /* 9lab_task2.1_KlimkoEugene.app */,
			);
			name = Products;
			sourceTree = "<group>";
		};
		AF99B8F52BF82F6800002F19 /* 9lab_task2.1_KlimkoEugene */ = {
			isa = PBXGroup;
			children = (
				AF99B8F62BF82F6800002F19 /* AppDelegate.swift */,
				AF99B8F82BF82F6800002F19 /* SceneDelegate.swift */,
				AF99B90D2BF8320E00002F19 /* StudentTableViewCell.swift */,
				AF2542962BF8394400AF6656 /* Localizable.strings(r).strings */,
				AF99B8FA2BF82F6800002F19 /* ViewController.swift */,
				AF2542942BF8383F00AF6656 /* Localizable.strings */,
				AF99B90A2BF8311400002F19 /* Model.xcdatamodeld */,
				AF99B8FC2BF82F6800002F19 /* Main.storyboard */,
				AF99B8FF2BF82F6A00002F19 /* Assets.xcassets */,
				AF99B9012BF82F6A00002F19 /* LaunchScreen.storyboard */,
				AF2542982BF839F500AF6656 /* Localizable.strings(f).strings */,
				AF99B9042BF82F6A00002F19 /* Info.plist */,
			);
			path = 9lab_task2.1_KlimkoEugene;
			sourceTree = "<group>";
		};
/* End PBXGroup section */

/* Begin PBXNativeTarget section */
		AF99B8F22BF82F6800002F19 /* 9lab_task2.1_KlimkoEugene */ = {
			isa = PBXNativeTarget;
			buildConfigurationList = AF99B9072BF82F6A00002F19 /* Build configuration list for PBXNativeTarget "9lab_task2.1_KlimkoEugene" */;
			buildPhases = (
				AF99B8EF2BF82F6800002F19 /* Sources */,
				AF99B8F02BF82F6800002F19 /* Frameworks */,
				AF99B8F12BF82F6800002F19 /* Resources */,
			);
			buildRules = (
			);
			dependencies = (
			);
			name = 9lab_task2.1_KlimkoEugene;
			productName = 9lab_task2.1_KlimkoEugene;
			productReference = AF99B8F32BF82F6800002F19 /* 9lab_task2.1_KlimkoEugene.app */;
			productType = "com.apple.product-type.application";
		};
/* End PBXNativeTarget section */

/* Begin PBXProject section */
		AF99B8EB2BF82F6800002F19 /* Project object */ = {
			isa = PBXProject;
			attributes = {
				LastSwiftUpdateCheck = 1140;
				LastUpgradeCheck = 1140;
				ORGANIZATIONNAME = MacOSExi;
				TargetAttributes = {
					AF99B8F22BF82F6800002F19 = {
						CreatedOnToolsVersion = 11.4.1;
					};
				};
			};
			buildConfigurationList = AF99B8EE2BF82F6800002F19 /* Build configuration list for PBXProject "9lab_task2.1_KlimkoEugene" */;
			compatibilityVersion = "Xcode 9.3";
			developmentRegion = en;
			hasScannedForEncodings = 0;
			knownRegions = (
				en,
				Base,
			);
			mainGroup = AF99B8EA2BF82F6800002F19;
			productRefGroup = AF99B8F42BF82F6800002F19 /* Products */;
			projectDirPath = "";
			projectRoot = "";
			targets = (
				AF99B8F22BF82F6800002F19 /* 9lab_task2.1_KlimkoEugene */,
			);
		};
/* End PBXProject section */

/* Begin PBXResourcesBuildPhase section */
		AF99B8F12BF82F6800002F19 /* Resources */ = {
			isa = PBXResourcesBuildPhase;
			buildActionMask = 2147483647;
			files = (
				AF2542992BF839F500AF6656 /* Localizable.strings(f).strings in Resources */,
				AF2542952BF8383F00AF6656 /* Localizable.strings in Resources */,
				AF99B9032BF82F6A00002F19 /* LaunchScreen.storyboard in Resources */,
				AF99B9002BF82F6A00002F19 /* Assets.xcassets in Resources */,
				AF2542972BF8394400AF6656 /* Localizable.strings(r).strings in Resources */,
				AF99B8FE2BF82F6800002F19 /* Main.storyboard in Resources */,
				AF2542932BF8350500AF6656 /* Main.storyboard in Resources */,
			);
			runOnlyForDeploymentPostprocessing = 0;
		};
/* End PBXResourcesBuildPhase section */

/* Begin PBXSourcesBuildPhase section */
		AF99B8EF2BF82F6800002F19 /* Sources */ = {
			isa = PBXSourcesBuildPhase;
			buildActionMask = 2147483647;
			files = (
				AF99B8FB2BF82F6800002F19 /* ViewController.swift in Sources */,
				AF99B90E2BF8320E00002F19 /* StudentTableViewCell.swift in Sources */,
				AF99B8F72BF82F6800002F19 /* AppDelegate.swift in Sources */,
				AF99B8F92BF82F6800002F19 /* SceneDelegate.swift in Sources */,
				AF99B90C2BF8311500002F19 /* Model.xcdatamodeld in Sources */,
			);
			runOnlyForDeploymentPostprocessing = 0;
		};
/* End PBXSourcesBuildPhase section */

/* Begin PBXVariantGroup section */
		AF99B8FC2BF82F6800002F19 /* Main.storyboard */ = {
			isa = PBXVariantGroup;
			children = (
				AF99B8FD2BF82F6800002F19 /* Base */,
			);
			name = Main.storyboard;
			sourceTree = "<group>";
		};
		AF99B9012BF82F6A00002F19 /* LaunchScreen.storyboard */ = {
			isa = PBXVariantGroup;
			children = (
				AF99B9022BF82F6A00002F19 /* Base */,
			);
			name = LaunchScreen.storyboard;
			sourceTree = "<group>";
		};
/* End PBXVariantGroup section */

/* Begin XCBuildConfiguration section */
		AF99B9052BF82F6A00002F19 /* Debug */ = {
			isa = XCBuildConfiguration;
			buildSettings = {
				ALWAYS_SEARCH_USER_PATHS = NO;
				CLANG_ANALYZER_NONNULL = YES;
				CLANG_ANALYZER_NUMBER_OBJECT_CONVERSION = YES_AGGRESSIVE;
				CLANG_CXX_LANGUAGE_STANDARD = "gnu++14";
				CLANG_CXX_LIBRARY = "libc++";
				CLANG_ENABLE_MODULES = YES;
				CLANG_ENABLE_OBJC_ARC = YES;
				CLANG_ENABLE_OBJC_WEAK = YES;
				CLANG_WARN_BLOCK_CAPTURE_AUTORELEASING = YES;
				CLANG_WARN_BOOL_CONVERSION = YES;
				CLANG_WARN_COMMA = YES;
				CLANG_WARN_CONSTANT_CONVERSION = YES;
				CLANG_WARN_DEPRECATED_OBJC_IMPLEMENTATIONS = YES;
				CLANG_WARN_DIRECT_OBJC_ISA_USAGE = YES_ERROR;
				CLANG_WARN_DOCUMENTATION_COMMENTS = YES;
				CLANG_WARN_EMPTY_BODY = YES;
				CLANG_WARN_ENUM_CONVERSION = YES;
				CLANG_WARN_INFINITE_RECURSION = YES;
				CLANG_WARN_INT_CONVERSION = YES;
				CLANG_WARN_NON_LITERAL_NULL_CONVERSION = YES;
				CLANG_WARN_OBJC_IMPLICIT_RETAIN_SELF = YES;
				CLANG_WARN_OBJC_LITERAL_CONVERSION = YES;
				CLANG_WARN_OBJC_ROOT_CLASS = YES_ERROR;
				CLANG_WARN_RANGE_LOOP_ANALYSIS = YES;
				CLANG_WARN_STRICT_PROTOTYPES = YES;
				CLANG_WARN_SUSPICIOUS_MOVE = YES;
				CLANG_WARN_UNGUARDED_AVAILABILITY = YES_AGGRESSIVE;
				CLANG_WARN_UNREACHABLE_CODE = YES;
				CLANG_WARN__DUPLICATE_METHOD_MATCH = YES;
				COPY_PHASE_STRIP = NO;
				DEBUG_INFORMATION_FORMAT = dwarf;
				ENABLE_STRICT_OBJC_MSGSEND = YES;
				ENABLE_TESTABILITY = YES;
				GCC_C_LANGUAGE_STANDARD = gnu11;
				GCC_DYNAMIC_NO_PIC = NO;
				GCC_NO_COMMON_BLOCKS = YES;
				GCC_OPTIMIZATION_LEVEL = 0;
				GCC_PREPROCESSOR_DEFINITIONS = (
					"DEBUG=1",
					"$(inherited)",
				);
				GCC_WARN_64_TO_32_BIT_CONVERSION = YES;
				GCC_WARN_ABOUT_RETURN_TYPE = YES_ERROR;
				GCC_WARN_UNDECLARED_SELECTOR = YES;
				GCC_WARN_UNINITIALIZED_AUTOS = YES_AGGRESSIVE;
				GCC_WARN_UNUSED_FUNCTION = YES;
				GCC_WARN_UNUSED_VARIABLE = YES;
				IPHONEOS_DEPLOYMENT_TARGET = 13.4;
				MTL_ENABLE_DEBUG_INFO = INCLUDE_SOURCE;
				MTL_FAST_MATH = YES;
				ONLY_ACTIVE_ARCH = YES;
				SDKROOT = iphoneos;
				SWIFT_ACTIVE_COMPILATION_CONDITIONS = DEBUG;
				SWIFT_OPTIMIZATION_LEVEL = "-Onone";
			};
			name = Debug;
		};
		AF99B9062BF82F6A00002F19 /* Release */ = {
			isa = XCBuildConfiguration;
			buildSettings = {
				ALWAYS_SEARCH_USER_PATHS = NO;
				CLANG_ANALYZER_NONNULL = YES;
				CLANG_ANALYZER_NUMBER_OBJECT_CONVERSION = YES_AGGRESSIVE;
				CLANG_CXX_LANGUAGE_STANDARD = "gnu++14";
				CLANG_CXX_LIBRARY = "libc++";
				CLANG_ENABLE_MODULES = YES;
				CLANG_ENABLE_OBJC_ARC = YES;
				CLANG_ENABLE_OBJC_WEAK = YES;
				CLANG_WARN_BLOCK_CAPTURE_AUTORELEASING = YES;
				CLANG_WARN_BOOL_CONVERSION = YES;
				CLANG_WARN_COMMA = YES;
				CLANG_WARN_CONSTANT_CONVERSION = YES;
				CLANG_WARN_DEPRECATED_OBJC_IMPLEMENTATIONS = YES;
				CLANG_WARN_DIRECT_OBJC_ISA_USAGE = YES_ERROR;
				CLANG_WARN_DOCUMENTATION_COMMENTS = YES;
				CLANG_WARN_EMPTY_BODY = YES;
				CLANG_WARN_ENUM_CONVERSION = YES;
				CLANG_WARN_INFINITE_RECURSION = YES;
				CLANG_WARN_INT_CONVERSION = YES;
				CLANG_WARN_NON_LITERAL_NULL_CONVERSION = YES;
				CLANG_WARN_OBJC_IMPLICIT_RETAIN_SELF = YES;
				CLANG_WARN_OBJC_LITERAL_CONVERSION = YES;
				CLANG_WARN_OBJC_ROOT_CLASS = YES_ERROR;
				CLANG_WARN_RANGE_LOOP_ANALYSIS = YES;
				CLANG_WARN_STRICT_PROTOTYPES = YES;
				CLANG_WARN_SUSPICIOUS_MOVE = YES;
				CLANG_WARN_UNGUARDED_AVAILABILITY = YES_AGGRESSIVE;
				CLANG_WARN_UNREACHABLE_CODE = YES;
				CLANG_WARN__DUPLICATE_METHOD_MATCH = YES;
				COPY_PHASE_STRIP = NO;
				DEBUG_INFORMATION_FORMAT = "dwarf-with-dsym";
				ENABLE_NS_ASSERTIONS = NO;
				ENABLE_STRICT_OBJC_MSGSEND = YES;
				GCC_C_LANGUAGE_STANDARD = gnu11;
				GCC_NO_COMMON_BLOCKS = YES;
				GCC_WARN_64_TO_32_BIT_CONVERSION = YES;
				GCC_WARN_ABOUT_RETURN_TYPE = YES_ERROR;
				GCC_WARN_UNDECLARED_SELECTOR = YES;
				GCC_WARN_UNINITIALIZED_AUTOS = YES_AGGRESSIVE;
				GCC_WARN_UNUSED_FUNCTION = YES;
				GCC_WARN_UNUSED_VARIABLE = YES;
				IPHONEOS_DEPLOYMENT_TARGET = 13.4;
				MTL_ENABLE_DEBUG_INFO = NO;
				MTL_FAST_MATH = YES;
				SDKROOT = iphoneos;
				SWIFT_COMPILATION_MODE = wholemodule;
				SWIFT_OPTIMIZATION_LEVEL = "-O";
				VALIDATE_PRODUCT = YES;
			};
			name = Release;
		};
		AF99B9082BF82F6A00002F19 /* Debug */ = {
			isa = XCBuildConfiguration;
			buildSettings = {
				ASSETCATALOG_COMPILER_APPICON_NAME = AppIcon;
				CODE_SIGN_STYLE = Automatic;
				INFOPLIST_FILE = 9lab_task2.1_KlimkoEugene/Info.plist;
				LD_RUNPATH_SEARCH_PATHS = (
					"$(inherited)",
					"@executable_path/Frameworks",
				);
				PRODUCT_BUNDLE_IDENTIFIER = "TPMP2024.-lab-task2-1-KlimkoEugene";
				PRODUCT_NAME = "$(TARGET_NAME)";
				SWIFT_VERSION = 5.0;
				TARGETED_DEVICE_FAMILY = "1,2";
			};
			name = Debug;
		};
		AF99B9092BF82F6A00002F19 /* Release */ = {
			isa = XCBuildConfiguration;
			buildSettings = {
				ASSETCATALOG_COMPILER_APPICON_NAME = AppIcon;
				CODE_SIGN_STYLE = Automatic;
				INFOPLIST_FILE = 9lab_task2.1_KlimkoEugene/Info.plist;
				LD_RUNPATH_SEARCH_PATHS = (
					"$(inherited)",
					"@executable_path/Frameworks",
				);
				PRODUCT_BUNDLE_IDENTIFIER = "TPMP2024.-lab-task2-1-KlimkoEugene";
				PRODUCT_NAME = "$(TARGET_NAME)";
				SWIFT_VERSION = 5.0;
				TARGETED_DEVICE_FAMILY = "1,2";
			};
			name = Release;
		};
/* End XCBuildConfiguration section */

/* Begin XCConfigurationList section */
		AF99B8EE2BF82F6800002F19 /* Build configuration list for PBXProject "9lab_task2.1_KlimkoEugene" */ = {
			isa = XCConfigurationList;
			buildConfigurations = (
				AF99B9052BF82F6A00002F19 /* Debug */,
				AF99B9062BF82F6A00002F19 /* Release */,
			);
			defaultConfigurationIsVisible = 0;
			defaultConfigurationName = Release;
		};
		AF99B9072BF82F6A00002F19 /* Build configuration list for PBXNativeTarget "9lab_task2.1_KlimkoEugene" */ = {
			isa = XCConfigurationList;
			buildConfigurations = (
				AF99B9082BF82F6A00002F19 /* Debug */,
				AF99B9092BF82F6A00002F19 /* Release */,
			);
			defaultConfigurationIsVisible = 0;
			defaultConfigurationName = Release;
		};
/* End XCConfigurationList section */

/* Begin XCVersionGroup section */
		AF99B90A2BF8311400002F19 /* Model.xcdatamodeld */ = {
			isa = XCVersionGroup;
			children = (
				AF99B90B2BF8311400002F19 /* Model.xcdatamodel */,
			);
			currentVersion = AF99B90B2BF8311400002F19 /* Model.xcdatamodel */;
			path = Model.xcdatamodeld;
			sourceTree = "<group>";
			versionGroupType = wrapper.xcdatamodel;
		};
/* End XCVersionGroup section */
	};
	rootObject = AF99B8EB2BF82F6800002F19 /* Project object */;
}
