// !$*UTF8*$!
{
	archiveVersion = 1;
	classes = {
	};
	objectVersion = 50;
	objects = {

/* Begin PBXBuildFile section */
		AF1CA7682BF8159000148CA9 /* AppDelegate.swift in Sources */ = {isa = PBXBuildFile; fileRef = AF1CA7672BF8159000148CA9 /* AppDelegate.swift */; };
		AF1CA76A2BF8159000148CA9 /* SceneDelegate.swift in Sources */ = {isa = PBXBuildFile; fileRef = AF1CA7692BF8159000148CA9 /* SceneDelegate.swift */; };
		AF1CA76C2BF8159000148CA9 /* ViewController.swift in Sources */ = {isa = PBXBuildFile; fileRef = AF1CA76B2BF8159000148CA9 /* ViewController.swift */; };
		AF1CA76F2BF8159000148CA9 /* Main.storyboard in Resources */ = {isa = PBXBuildFile; fileRef = AF1CA76D2BF8159000148CA9 /* Main.storyboard */; };
		AF1CA7712BF8159200148CA9 /* Assets.xcassets in Resources */ = {isa = PBXBuildFile; fileRef = AF1CA7702BF8159200148CA9 /* Assets.xcassets */; };
		AF1CA7742BF8159200148CA9 /* LaunchScreen.storyboard in Resources */ = {isa = PBXBuildFile; fileRef = AF1CA7722BF8159200148CA9 /* LaunchScreen.storyboard */; };
		AF1CA7802BF8188100148CA9 /* Weather.swift in Sources */ = {isa = PBXBuildFile; fileRef = AF1CA77F2BF8188100148CA9 /* Weather.swift */; };
		AF1CA7822BF8189F00148CA9 /* WeatherGetter.swift in Sources */ = {isa = PBXBuildFile; fileRef = AF1CA7812BF8189F00148CA9 /* WeatherGetter.swift */; };
/* End PBXBuildFile section */

/* Begin PBXFileReference section */
		AF1CA7642BF8159000148CA9 /* 9lab_example7_KlimkoEugene.app */ = {isa = PBXFileReference; explicitFileType = wrapper.application; includeInIndex = 0; path = 9lab_example7_KlimkoEugene.app; sourceTree = BUILT_PRODUCTS_DIR; };
		AF1CA7672BF8159000148CA9 /* AppDelegate.swift */ = {isa = PBXFileReference; lastKnownFileType = sourcecode.swift; path = AppDelegate.swift; sourceTree = "<group>"; };
		AF1CA7692BF8159000148CA9 /* SceneDelegate.swift */ = {isa = PBXFileReference; lastKnownFileType = sourcecode.swift; path = SceneDelegate.swift; sourceTree = "<group>"; };
		AF1CA76B2BF8159000148CA9 /* ViewController.swift */ = {isa = PBXFileReference; lastKnownFileType = sourcecode.swift; path = ViewController.swift; sourceTree = "<group>"; };
		AF1CA76E2BF8159000148CA9 /* Base */ = {isa = PBXFileReference; lastKnownFileType = file.storyboard; name = Base; path = Base.lproj/Main.storyboard; sourceTree = "<group>"; };
		AF1CA7702BF8159200148CA9 /* Assets.xcassets */ = {isa = PBXFileReference; lastKnownFileType = folder.assetcatalog; path = Assets.xcassets; sourceTree = "<group>"; };
		AF1CA7732BF8159200148CA9 /* Base */ = {isa = PBXFileReference; lastKnownFileType = file.storyboard; name = Base; path = Base.lproj/LaunchScreen.storyboard; sourceTree = "<group>"; };
		AF1CA7752BF8159200148CA9 /* Info.plist */ = {isa = PBXFileReference; lastKnownFileType = text.plist.xml; path = Info.plist; sourceTree = "<group>"; };
		AF1CA77F2BF8188100148CA9 /* Weather.swift */ = {isa = PBXFileReference; lastKnownFileType = sourcecode.swift; path = Weather.swift; sourceTree = "<group>"; };
		AF1CA7812BF8189F00148CA9 /* WeatherGetter.swift */ = {isa = PBXFileReference; lastKnownFileType = sourcecode.swift; path = WeatherGetter.swift; sourceTree = "<group>"; };
/* End PBXFileReference section */

/* Begin PBXFrameworksBuildPhase section */
		AF1CA7612BF8159000148CA9 /* Frameworks */ = {
			isa = PBXFrameworksBuildPhase;
			buildActionMask = 2147483647;
			files = (
			);
			runOnlyForDeploymentPostprocessing = 0;
		};
/* End PBXFrameworksBuildPhase section */

/* Begin PBXGroup section */
		AF1CA75B2BF8159000148CA9 = {
			isa = PBXGroup;
			children = (
				AF1CA7662BF8159000148CA9 /* 9lab_example7_KlimkoEugene */,
				AF1CA7652BF8159000148CA9 /* Products */,
			);
			sourceTree = "<group>";
		};
		AF1CA7652BF8159000148CA9 /* Products */ = {
			isa = PBXGroup;
			children = (
				AF1CA7642BF8159000148CA9 /* 9lab_example7_KlimkoEugene.app */,
			);
			name = Products;
			sourceTree = "<group>";
		};
		AF1CA7662BF8159000148CA9 /* 9lab_example7_KlimkoEugene */ = {
			isa = PBXGroup;
			children = (
				AF1CA7672BF8159000148CA9 /* AppDelegate.swift */,
				AF1CA7692BF8159000148CA9 /* SceneDelegate.swift */,
				AF1CA76B2BF8159000148CA9 /* ViewController.swift */,
				AF1CA7812BF8189F00148CA9 /* WeatherGetter.swift */,
				AF1CA76D2BF8159000148CA9 /* Main.storyboard */,
				AF1CA7702BF8159200148CA9 /* Assets.xcassets */,
				AF1CA77F2BF8188100148CA9 /* Weather.swift */,
				AF1CA7722BF8159200148CA9 /* LaunchScreen.storyboard */,
				AF1CA7752BF8159200148CA9 /* Info.plist */,
			);
			path = 9lab_example7_KlimkoEugene;
			sourceTree = "<group>";
		};
/* End PBXGroup section */

/* Begin PBXNativeTarget section */
		AF1CA7632BF8159000148CA9 /* 9lab_example7_KlimkoEugene */ = {
			isa = PBXNativeTarget;
			buildConfigurationList = AF1CA7782BF8159200148CA9 /* Build configuration list for PBXNativeTarget "9lab_example7_KlimkoEugene" */;
			buildPhases = (
				AF1CA7602BF8159000148CA9 /* Sources */,
				AF1CA7612BF8159000148CA9 /* Frameworks */,
				AF1CA7622BF8159000148CA9 /* Resources */,
			);
			buildRules = (
			);
			dependencies = (
			);
			name = 9lab_example7_KlimkoEugene;
			productName = 9lab_example7_KlimkoEugene;
			productReference = AF1CA7642BF8159000148CA9 /* 9lab_example7_KlimkoEugene.app */;
			productType = "com.apple.product-type.application";
		};
/* End PBXNativeTarget section */

/* Begin PBXProject section */
		AF1CA75C2BF8159000148CA9 /* Project object */ = {
			isa = PBXProject;
			attributes = {
				LastSwiftUpdateCheck = 1140;
				LastUpgradeCheck = 1140;
				ORGANIZATIONNAME = MacOSExi;
				TargetAttributes = {
					AF1CA7632BF8159000148CA9 = {
						CreatedOnToolsVersion = 11.4.1;
					};
				};
			};
			buildConfigurationList = AF1CA75F2BF8159000148CA9 /* Build configuration list for PBXProject "9lab_example7_KlimkoEugene" */;
			compatibilityVersion = "Xcode 9.3";
			developmentRegion = en;
			hasScannedForEncodings = 0;
			knownRegions = (
				en,
				Base,
			);
			mainGroup = AF1CA75B2BF8159000148CA9;
			productRefGroup = AF1CA7652BF8159000148CA9 /* Products */;
			projectDirPath = "";
			projectRoot = "";
			targets = (
				AF1CA7632BF8159000148CA9 /* 9lab_example7_KlimkoEugene */,
			);
		};
/* End PBXProject section */

/* Begin PBXResourcesBuildPhase section */
		AF1CA7622BF8159000148CA9 /* Resources */ = {
			isa = PBXResourcesBuildPhase;
			buildActionMask = 2147483647;
			files = (
				AF1CA7742BF8159200148CA9 /* LaunchScreen.storyboard in Resources */,
				AF1CA7712BF8159200148CA9 /* Assets.xcassets in Resources */,
				AF1CA76F2BF8159000148CA9 /* Main.storyboard in Resources */,
			);
			runOnlyForDeploymentPostprocessing = 0;
		};
/* End PBXResourcesBuildPhase section */

/* Begin PBXSourcesBuildPhase section */
		AF1CA7602BF8159000148CA9 /* Sources */ = {
			isa = PBXSourcesBuildPhase;
			buildActionMask = 2147483647;
			files = (
				AF1CA76C2BF8159000148CA9 /* ViewController.swift in Sources */,
				AF1CA7822BF8189F00148CA9 /* WeatherGetter.swift in Sources */,
				AF1CA7682BF8159000148CA9 /* AppDelegate.swift in Sources */,
				AF1CA76A2BF8159000148CA9 /* SceneDelegate.swift in Sources */,
				AF1CA7802BF8188100148CA9 /* Weather.swift in Sources */,
			);
			runOnlyForDeploymentPostprocessing = 0;
		};
/* End PBXSourcesBuildPhase section */

/* Begin PBXVariantGroup section */
		AF1CA76D2BF8159000148CA9 /* Main.storyboard */ = {
			isa = PBXVariantGroup;
			children = (
				AF1CA76E2BF8159000148CA9 /* Base */,
			);
			name = Main.storyboard;
			sourceTree = "<group>";
		};
		AF1CA7722BF8159200148CA9 /* LaunchScreen.storyboard */ = {
			isa = PBXVariantGroup;
			children = (
				AF1CA7732BF8159200148CA9 /* Base */,
			);
			name = LaunchScreen.storyboard;
			sourceTree = "<group>";
		};
/* End PBXVariantGroup section */

/* Begin XCBuildConfiguration section */
		AF1CA7762BF8159200148CA9 /* Debug */ = {
			isa = XCBuildConfiguration;
			buildSettings = {
				ALWAYS_SEARCH_USER_PATHS = NO;
				CLANG_ANALYZER_NONNULL = YES;
				CLANG_ANALYZER_NUMBER_OBJECT_CONVERSION = YES_AGGRESSIVE;
				CLANG_CXX_LANGUAGE_STANDARD = "gnu++14";
				CLANG_CXX_LIBRARY = "libc++";
				CLANG_ENABLE_MODULES = YES;
				CLANG_ENABLE_OBJC_ARC = YES;
				CLANG_ENABLE_OBJC_WEAK = YES;
				CLANG_WARN_BLOCK_CAPTURE_AUTORELEASING = YES;
				CLANG_WARN_BOOL_CONVERSION = YES;
				CLANG_WARN_COMMA = YES;
				CLANG_WARN_CONSTANT_CONVERSION = YES;
				CLANG_WARN_DEPRECATED_OBJC_IMPLEMENTATIONS = YES;
				CLANG_WARN_DIRECT_OBJC_ISA_USAGE = YES_ERROR;
				CLANG_WARN_DOCUMENTATION_COMMENTS = YES;
				CLANG_WARN_EMPTY_BODY = YES;
				CLANG_WARN_ENUM_CONVERSION = YES;
				CLANG_WARN_INFINITE_RECURSION = YES;
				CLANG_WARN_INT_CONVERSION = YES;
				CLANG_WARN_NON_LITERAL_NULL_CONVERSION = YES;
				CLANG_WARN_OBJC_IMPLICIT_RETAIN_SELF = YES;
				CLANG_WARN_OBJC_LITERAL_CONVERSION = YES;
				CLANG_WARN_OBJC_ROOT_CLASS = YES_ERROR;
				CLANG_WARN_RANGE_LOOP_ANALYSIS = YES;
				CLANG_WARN_STRICT_PROTOTYPES = YES;
				CLANG_WARN_SUSPICIOUS_MOVE = YES;
				CLANG_WARN_UNGUARDED_AVAILABILITY = YES_AGGRESSIVE;
				CLANG_WARN_UNREACHABLE_CODE = YES;
				CLANG_WARN__DUPLICATE_METHOD_MATCH = YES;
				COPY_PHASE_STRIP = NO;
				DEBUG_INFORMATION_FORMAT = dwarf;
				ENABLE_STRICT_OBJC_MSGSEND = YES;
				ENABLE_TESTABILITY = YES;
				GCC_C_LANGUAGE_STANDARD = gnu11;
				GCC_DYNAMIC_NO_PIC = NO;
				GCC_NO_COMMON_BLOCKS = YES;
				GCC_OPTIMIZATION_LEVEL = 0;
				GCC_PREPROCESSOR_DEFINITIONS = (
					"DEBUG=1",
					"$(inherited)",
				);
				GCC_WARN_64_TO_32_BIT_CONVERSION = YES;
				GCC_WARN_ABOUT_RETURN_TYPE = YES_ERROR;
				GCC_WARN_UNDECLARED_SELECTOR = YES;
				GCC_WARN_UNINITIALIZED_AUTOS = YES_AGGRESSIVE;
				GCC_WARN_UNUSED_FUNCTION = YES;
				GCC_WARN_UNUSED_VARIABLE = YES;
				IPHONEOS_DEPLOYMENT_TARGET = 13.4;
				MTL_ENABLE_DEBUG_INFO = INCLUDE_SOURCE;
				MTL_FAST_MATH = YES;
				ONLY_ACTIVE_ARCH = YES;
				SDKROOT = iphoneos;
				SWIFT_ACTIVE_COMPILATION_CONDITIONS = DEBUG;
				SWIFT_OPTIMIZATION_LEVEL = "-Onone";
			};
			name = Debug;
		};
		AF1CA7772BF8159200148CA9 /* Release */ = {
			isa = XCBuildConfiguration;
			buildSettings = {
				ALWAYS_SEARCH_USER_PATHS = NO;
				CLANG_ANALYZER_NONNULL = YES;
				CLANG_ANALYZER_NUMBER_OBJECT_CONVERSION = YES_AGGRESSIVE;
				CLANG_CXX_LANGUAGE_STANDARD = "gnu++14";
				CLANG_CXX_LIBRARY = "libc++";
				CLANG_ENABLE_MODULES = YES;
				CLANG_ENABLE_OBJC_ARC = YES;
				CLANG_ENABLE_OBJC_WEAK = YES;
				CLANG_WARN_BLOCK_CAPTURE_AUTORELEASING = YES;
				CLANG_WARN_BOOL_CONVERSION = YES;
				CLANG_WARN_COMMA = YES;
				CLANG_WARN_CONSTANT_CONVERSION = YES;
				CLANG_WARN_DEPRECATED_OBJC_IMPLEMENTATIONS = YES;
				CLANG_WARN_DIRECT_OBJC_ISA_USAGE = YES_ERROR;
				CLANG_WARN_DOCUMENTATION_COMMENTS = YES;
				CLANG_WARN_EMPTY_BODY = YES;
				CLANG_WARN_ENUM_CONVERSION = YES;
				CLANG_WARN_INFINITE_RECURSION = YES;
				CLANG_WARN_INT_CONVERSION = YES;
				CLANG_WARN_NON_LITERAL_NULL_CONVERSION = YES;
				CLANG_WARN_OBJC_IMPLICIT_RETAIN_SELF = YES;
				CLANG_WARN_OBJC_LITERAL_CONVERSION = YES;
				CLANG_WARN_OBJC_ROOT_CLASS = YES_ERROR;
				CLANG_WARN_RANGE_LOOP_ANALYSIS = YES;
				CLANG_WARN_STRICT_PROTOTYPES = YES;
				CLANG_WARN_SUSPICIOUS_MOVE = YES;
				CLANG_WARN_UNGUARDED_AVAILABILITY = YES_AGGRESSIVE;
				CLANG_WARN_UNREACHABLE_CODE = YES;
				CLANG_WARN__DUPLICATE_METHOD_MATCH = YES;
				COPY_PHASE_STRIP = NO;
				DEBUG_INFORMATION_FORMAT = "dwarf-with-dsym";
				ENABLE_NS_ASSERTIONS = NO;
				ENABLE_STRICT_OBJC_MSGSEND = YES;
				GCC_C_LANGUAGE_STANDARD = gnu11;
				GCC_NO_COMMON_BLOCKS = YES;
				GCC_WARN_64_TO_32_BIT_CONVERSION = YES;
				GCC_WARN_ABOUT_RETURN_TYPE = YES_ERROR;
				GCC_WARN_UNDECLARED_SELECTOR = YES;
				GCC_WARN_UNINITIALIZED_AUTOS = YES_AGGRESSIVE;
				GCC_WARN_UNUSED_FUNCTION = YES;
				GCC_WARN_UNUSED_VARIABLE = YES;
				IPHONEOS_DEPLOYMENT_TARGET = 13.4;
				MTL_ENABLE_DEBUG_INFO = NO;
				MTL_FAST_MATH = YES;
				SDKROOT = iphoneos;
				SWIFT_COMPILATION_MODE = wholemodule;
				SWIFT_OPTIMIZATION_LEVEL = "-O";
				VALIDATE_PRODUCT = YES;
			};
			name = Release;
		};
		AF1CA7792BF8159200148CA9 /* Debug */ = {
			isa = XCBuildConfiguration;
			buildSettings = {
				ASSETCATALOG_COMPILER_APPICON_NAME = AppIcon;
				CODE_SIGN_STYLE = Automatic;
				INFOPLIST_FILE = 9lab_example7_KlimkoEugene/Info.plist;
				LD_RUNPATH_SEARCH_PATHS = (
					"$(inherited)",
					"@executable_path/Frameworks",
				);
				PRODUCT_BUNDLE_IDENTIFIER = "TPMP2024.-lab-example7-KlimkoEugene";
				PRODUCT_NAME = "$(TARGET_NAME)";
				SWIFT_VERSION = 5.0;
				TARGETED_DEVICE_FAMILY = "1,2";
			};
			name = Debug;
		};
		AF1CA77A2BF8159200148CA9 /* Release */ = {
			isa = XCBuildConfiguration;
			buildSettings = {
				ASSETCATALOG_COMPILER_APPICON_NAME = AppIcon;
				CODE_SIGN_STYLE = Automatic;
				INFOPLIST_FILE = 9lab_example7_KlimkoEugene/Info.plist;
				LD_RUNPATH_SEARCH_PATHS = (
					"$(inherited)",
					"@executable_path/Frameworks",
				);
				PRODUCT_BUNDLE_IDENTIFIER = "TPMP2024.-lab-example7-KlimkoEugene";
				PRODUCT_NAME = "$(TARGET_NAME)";
				SWIFT_VERSION = 5.0;
				TARGETED_DEVICE_FAMILY = "1,2";
			};
			name = Release;
		};
/* End XCBuildConfiguration section */

/* Begin XCConfigurationList section */
		AF1CA75F2BF8159000148CA9 /* Build configuration list for PBXProject "9lab_example7_KlimkoEugene" */ = {
			isa = XCConfigurationList;
			buildConfigurations = (
				AF1CA7762BF8159200148CA9 /* Debug */,
				AF1CA7772BF8159200148CA9 /* Release */,
			);
			defaultConfigurationIsVisible = 0;
			defaultConfigurationName = Release;
		};
		AF1CA7782BF8159200148CA9 /* Build configuration list for PBXNativeTarget "9lab_example7_KlimkoEugene" */ = {
			isa = XCConfigurationList;
			buildConfigurations = (
				AF1CA7792BF8159200148CA9 /* Debug */,
				AF1CA77A2BF8159200148CA9 /* Release */,
			);
			defaultConfigurationIsVisible = 0;
			defaultConfigurationName = Release;
		};
/* End XCConfigurationList section */
	};
	rootObject = AF1CA75C2BF8159000148CA9 /* Project object */;
}
